PODS:
  - Bolts/Tasks (1.8.4)
  - Firebase/AdMob (4.0.4):
    - Firebase/Core
    - Google-Mobile-Ads-SDK (= 7.21.0)
  - Firebase/Auth (4.0.4):
    - Firebase/Core
    - FirebaseAuth (= 4.0.0)
  - Firebase/Core (4.0.4):
    - FirebaseAnalytics (= 4.0.2)
    - FirebaseCore (= 4.0.4)
  - Firebase/Database (4.0.4):
    - Firebase/Core
    - FirebaseDatabase (= 4.0.0)
  - FirebaseAnalytics (4.0.2):
    - FirebaseCore (~> 4.0)
    - FirebaseInstanceID (~> 2.0)
    - GoogleToolboxForMac/NSData+zlib (~> 2.1)
  - FirebaseAuth (4.0.0):
    - FirebaseAnalytics (~> 4.0)
    - GoogleToolboxForMac/NSDictionary+URLArguments (~> 2.1)
    - GTMSessionFetcher/Core (~> 1.1)
  - FirebaseCore (4.0.4):
    - GoogleToolboxForMac/NSData+zlib (~> 2.1)
    - nanopb (~> 0.3)
  - FirebaseDatabase (4.0.0):
    - FirebaseAnalytics (~> 4.0)
  - FirebaseInstanceID (2.0.0):
    - FirebaseCore (~> 4.0)
  - Google-Mobile-Ads-SDK (7.21.0)
  - GoogleToolboxForMac/DebugUtils (2.1.1):
    - GoogleToolboxForMac/Defines (= 2.1.1)
  - GoogleToolboxForMac/Defines (2.1.1)
  - GoogleToolboxForMac/NSData+zlib (2.1.1):
    - GoogleToolboxForMac/Defines (= 2.1.1)
  - GoogleToolboxForMac/NSDictionary+URLArguments (2.1.1):
    - GoogleToolboxForMac/DebugUtils (= 2.1.1)
    - GoogleToolboxForMac/Defines (= 2.1.1)
    - GoogleToolboxForMac/NSString+URLArguments (= 2.1.1)
  - GoogleToolboxForMac/NSString+URLArguments (2.1.1)
  - GTMSessionFetcher/Core (1.1.11)
  - JTCalendar (2.1.9)
  - Masonry (1.0.2)
  - MaterialControls (1.2.2)
  - nanopb (0.3.8):
    - nanopb/decode (= 0.3.8)
    - nanopb/encode (= 0.3.8)
  - nanopb/decode (0.3.8)
  - nanopb/encode (0.3.8)
  - Parse (1.15.1):
    - Bolts/Tasks (~> 1.8)
  - Realm (2.9.0):
    - Realm/Headers (= 2.9.0)
  - Realm/Headers (2.9.0)
  - RKDropdownAlert (0.3.0)
  - SCLAlertView-Objective-C (1.1.2)
  - SWTableViewCell (0.3.7)
  - UIColor-HexString (1.3.0)
  - UICountingLabel (1.2.0)

DEPENDENCIES:
  - Firebase/AdMob
  - Firebase/Auth
  - Firebase/Core
  - Firebase/Database
  - JTCalendar (~> 2.0)
  - Masonry
  - MaterialControls
  - Parse
  - Realm
  - RKDropdownAlert
  - SCLAlertView-Objective-C
  - SWTableViewCell (~> 0.3.7)
  - UIColor-HexString
  - UICountingLabel (~> 1.2.0)

SPEC CHECKSUMS:
  Bolts: 8a7995239dbe724f9cba2248b766d48b7ebdd322
  Firebase: 1492bf04e1b73a7353b4fb2cf5a20bac9692f341
  FirebaseAnalytics: ad41720e3e67fc63fbe3d2948d3e26932a8de311
  FirebaseAuth: ebb6abcbabae00fc47446d690c19ce68d8484fde
  FirebaseCore: cfc042628ef9f20debe09c0eb683135fcd404cb4
  FirebaseDatabase: d829b3a8c3e2ac7a16773c5df226966b0805dfc2
  FirebaseInstanceID: 9fbf536668f4d3f0880e7438456dabd1376e294b
  Google-Mobile-Ads-SDK: 4a6f1b43c8cc0e1e95a3b59d9f52a01671c6f9f3
  GoogleToolboxForMac: 8e329f1b599f2512c6b10676d45736bcc2cbbeb0
  GTMSessionFetcher: 5ad62e8200fa00ed011fe5e08d27fef72c5b1429
  JTCalendar: beb2f4c1b639bf6880f680b4858227acf83a049c
  Masonry: 7c429b56da9d4ee0bbb3ed77a5ea710d6a5df39e
  MaterialControls: 1c6b29e78d3a13d8dd6a67ed31b6d26eb5de8f72
  nanopb: 5601e6bca2dbf1ed831b519092ec110f66982ca3
  Parse: b7a77b20b8a6dede8058da1e2b339593578ce158
  Realm: f14ab1673502559cb16592ddb8f383c474c13e05
  RKDropdownAlert: f4b3364c251829ad439dc666836a1f2dad26f4c7
  SCLAlertView-Objective-C: 0e54351fa4f98a5c7c6ad3727e6dbb46784534e5
  SWTableViewCell: 2a94aadc9d47b2b611fa064566bf57948b95b579
  UIColor-HexString: fadc2e1389db19147ac99dee92222d3bd8bfec4a
  UICountingLabel: 1db4e7d023e1762171eb226d6dff47a7a84f27aa

PODFILE CHECKSUM: 39f233d16660d6e48eb8f5aaafb4370e0cfbb818

COCOAPODS: 1.2.0
