PODS:
  - FrameAccessor (2.0)
  - Google/Analytics (2.0.4):
    - Google/Core
    - GoogleAnalytics (~> 3.12)
  - Google/Core (2.0.4):
    - GoogleInterchangeUtilities (~> 1.0)
    - GoogleNetworkingUtilities (~> 1.0)
    - GoogleSymbolUtilities (~> 1.0)
    - GoogleUtilities (~> 1.1)
  - GoogleAnalytics (3.14.0)
  - GoogleInterchangeUtilities (1.2.0):
    - GoogleSymbolUtilities (~> 1.0)
  - GoogleNetworkingUtilities (1.2.0):
    - GoogleSymbolUtilities (~> 1.0)
  - GoogleSymbolUtilities (1.1.0)
  - GoogleUtilities (1.3.0):
    - GoogleSymbolUtilities (~> 1.0)
  - JTCalendar (2.1.5)
  - MKFoundationKit (1.3.0):
    - MKFoundationKit/AutoDescribe (= 1.3.0)
    - MKFoundationKit/Base64 (= 1.3.0)
    - MKFoundationKit/Block (= 1.3.0)
    - MKFoundationKit/NSArray (= 1.3.0)
    - MKFoundationKit/NSBundle (= 1.3.0)
    - MKFoundationKit/NSDate (= 1.3.0)
    - MKFoundationKit/NSDictionary (= 1.3.0)
    - MKFoundationKit/NSNumber (= 1.3.0)
    - MKFoundationKit/NSObject (= 1.3.0)
    - MKFoundationKit/NSSet (= 1.3.0)
    - MKFoundationKit/NSString (= 1.3.0)
    - MKFoundationKit/Queue (= 1.3.0)
    - MKFoundationKit/Stack (= 1.3.0)
  - MKFoundationKit/AutoDescribe (1.3.0)
  - MKFoundationKit/Base64 (1.3.0)
  - MKFoundationKit/Block (1.3.0)
  - MKFoundationKit/NSArray (1.3.0)
  - MKFoundationKit/NSBundle (1.3.0)
  - MKFoundationKit/NSDate (1.3.0)
  - MKFoundationKit/NSDictionary (1.3.0)
  - MKFoundationKit/NSNumber (1.3.0)
  - MKFoundationKit/NSObject (1.3.0)
  - MKFoundationKit/NSSet (1.3.0):
    - MKFoundationKit/Block
  - MKFoundationKit/NSString (1.3.0):
    - MKFoundationKit/Base64
  - MKFoundationKit/Queue (1.3.0)
  - MKFoundationKit/Stack (1.3.0)
  - Realm (0.101.0):
    - Realm/Headers (= 0.101.0)
  - Realm/Headers (0.101.0)

DEPENDENCIES:
  - FrameAccessor
  - Google/Analytics
  - JTCalendar (~> 2.0)
  - MKFoundationKit (~> 1.3)
  - Realm

SPEC CHECKSUMS:
  FrameAccessor: 443a13e58e23a10ff22180da0897b28c3f6abf66
  Google: d0932824c5b97c96be489aa6f4e8cd6c294d637d
  GoogleAnalytics: 9be1afdb8deeac4bb5f13ca7f7d3b9db2a1f43dc
  GoogleInterchangeUtilities: 427382e42d8a340038bec37c6fdfd316e14b5fa2
  GoogleNetworkingUtilities: ec1e9911aca811eb18b7144394fee6168b607785
  GoogleSymbolUtilities: eb3965ea12710569c7b80db198a39e39b18613f7
  GoogleUtilities: 5c653f7df2eedf0ce0efdfe5afe4f831f375fd7a
  JTCalendar: 57a4420f12d10c93c3b28da96803e7043d1c9281
  MKFoundationKit: 26afe1cf63d4982a937d555537ca1a3fb50a9c77
  Realm: b21596d6d7e1c054f6fae967d27263d2593ca309

COCOAPODS: 0.39.0
