// !$*UTF8*$!
{
	archiveVersion = 1;
	classes = {
	};
	objectVersion = 46;
	objects = {

/* Begin PBXBuildFile section */
		0060834D1CC4007500A344F1 /* main.m in Sources */ = {isa = PBXBuildFile; fileRef = 0060834C1CC4007500A344F1 /* main.m */; };
		006083501CC4007500A344F1 /* AppDelegate.m in Sources */ = {isa = PBXBuildFile; fileRef = 0060834F1CC4007500A344F1 /* AppDelegate.m */; };
		006083561CC4007500A344F1 /* Main.storyboard in Resources */ = {isa = PBXBuildFile; fileRef = 006083541CC4007500A344F1 /* Main.storyboard */; };
		006083581CC4007500A344F1 /* Assets.xcassets in Resources */ = {isa = PBXBuildFile; fileRef = 006083571CC4007500A344F1 /* Assets.xcassets */; };
		0060835B1CC4007500A344F1 /* LaunchScreen.storyboard in Resources */ = {isa = PBXBuildFile; fileRef = 006083591CC4007500A344F1 /* LaunchScreen.storyboard */; };
		00F48A301CC5193000B94EA4 /* CalendarViewController.m in Sources */ = {isa = PBXBuildFile; fileRef = 00F48A2F1CC5193000B94EA4 /* CalendarViewController.m */; };
		00F48A331CC5194100B94EA4 /* TodoViewController.m in Sources */ = {isa = PBXBuildFile; fileRef = 00F48A321CC5194100B94EA4 /* TodoViewController.m */; };
		00F48A361CC5194A00B94EA4 /* PreferenceViewController.m in Sources */ = {isa = PBXBuildFile; fileRef = 00F48A351CC5194A00B94EA4 /* PreferenceViewController.m */; };
		28006A131CC6B41900583D69 /* CustomCell.m in Sources */ = {isa = PBXBuildFile; fileRef = 28006A121CC6B41900583D69 /* CustomCell.m */; };
		2802F8191CC5B5BE00C65966 /* EventTableViewCell.xib in Resources */ = {isa = PBXBuildFile; fileRef = 2802F8181CC5B5BE00C65966 /* EventTableViewCell.xib */; };
		2802F81F1CC5B78800C65966 /* EventTableViewCell.m in Sources */ = {isa = PBXBuildFile; fileRef = 2802F81E1CC5B78800C65966 /* EventTableViewCell.m */; };
		2802F8221CC5B7AE00C65966 /* Events.m in Sources */ = {isa = PBXBuildFile; fileRef = 2802F8211CC5B7AE00C65966 /* Events.m */; };
		2802F82A1CC5B8DA00C65966 /* NormalCell.xib in Resources */ = {isa = PBXBuildFile; fileRef = 2802F8251CC5B8D900C65966 /* NormalCell.xib */; };
		2802F82B1CC5B8DA00C65966 /* TextfieldCell.xib in Resources */ = {isa = PBXBuildFile; fileRef = 2802F8261CC5B8D900C65966 /* TextfieldCell.xib */; };
		2802F82C1CC5B8DA00C65966 /* DatePickerCell.xib in Resources */ = {isa = PBXBuildFile; fileRef = 2802F8271CC5B8D900C65966 /* DatePickerCell.xib */; };
		2802F82D1CC5B8DA00C65966 /* SwitchCell.xib in Resources */ = {isa = PBXBuildFile; fileRef = 2802F8281CC5B8D900C65966 /* SwitchCell.xib */; };
		2802F82E1CC5B8DA00C65966 /* ValuePickerCell.xib in Resources */ = {isa = PBXBuildFile; fileRef = 2802F8291CC5B8D900C65966 /* ValuePickerCell.xib */; };
		2802F8341CC5C2F400C65966 /* NewEventViewController.m in Sources */ = {isa = PBXBuildFile; fileRef = 2802F8331CC5C2F400C65966 /* NewEventViewController.m */; };
		282EAC251CC83A9C00020B88 /* circle-f.png in Resources */ = {isa = PBXBuildFile; fileRef = 282EAC231CC83A9C00020B88 /* circle-f.png */; };
		282EAC261CC83A9C00020B88 /* circle-nf.png in Resources */ = {isa = PBXBuildFile; fileRef = 282EAC241CC83A9C00020B88 /* circle-nf.png */; };
		2899F5961CC869C500098C30 /* tabBar.png in Resources */ = {isa = PBXBuildFile; fileRef = 2899F5951CC869C500098C30 /* tabBar.png */; };
		28B2003C1CC7C36500A18DFC /* CellDescriptor.plist in Resources */ = {isa = PBXBuildFile; fileRef = 28B2003B1CC7C36500A18DFC /* CellDescriptor.plist */; };
		28BDF7AE1CC8F01900E3F63C /* Media.xcassets in Resources */ = {isa = PBXBuildFile; fileRef = 28BDF7AD1CC8F01900E3F63C /* Media.xcassets */; };
		28BDF7E31CC9093100E3F63C /* Interface.storyboard in Resources */ = {isa = PBXBuildFile; fileRef = 28BDF7E11CC9093100E3F63C /* Interface.storyboard */; };
		28BDF7E51CC9093100E3F63C /* Assets.xcassets in Resources */ = {isa = PBXBuildFile; fileRef = 28BDF7E41CC9093100E3F63C /* Assets.xcassets */; };
		28BDF7EC1CC9093200E3F63C /* Done! Apple Watch Extension.appex in Embed App Extensions */ = {isa = PBXBuildFile; fileRef = 28BDF7EB1CC9093200E3F63C /* Done! Apple Watch Extension.appex */; settings = {ATTRIBUTES = (RemoveHeadersOnCopy, ); }; };
		28BDF7F41CC9093200E3F63C /* InterfaceController.m in Sources */ = {isa = PBXBuildFile; fileRef = 28BDF7F31CC9093200E3F63C /* InterfaceController.m */; };
		28BDF7F71CC9093200E3F63C /* ExtensionDelegate.m in Sources */ = {isa = PBXBuildFile; fileRef = 28BDF7F61CC9093200E3F63C /* ExtensionDelegate.m */; };
		28BDF7FA1CC9093200E3F63C /* NotificationController.m in Sources */ = {isa = PBXBuildFile; fileRef = 28BDF7F91CC9093200E3F63C /* NotificationController.m */; };
		28BDF7FC1CC9093200E3F63C /* Assets.xcassets in Resources */ = {isa = PBXBuildFile; fileRef = 28BDF7FB1CC9093200E3F63C /* Assets.xcassets */; };
		28BDF8001CC9093200E3F63C /* Done! Apple Watch.app in Embed Watch Content */ = {isa = PBXBuildFile; fileRef = 28BDF7DF1CC9093100E3F63C /* Done! Apple Watch.app */; };
		28BDF8091CC9094600E3F63C /* Media1.xcassets in Resources */ = {isa = PBXBuildFile; fileRef = 28BDF8081CC9094600E3F63C /* Media1.xcassets */; };
		703C5ED27BF76299D46C1559 /* libPods.a in Frameworks */ = {isa = PBXBuildFile; fileRef = FCE0E78F99B8FCC53D66E6D5 /* libPods.a */; };
/* End PBXBuildFile section */

/* Begin PBXContainerItemProxy section */
		0060836D1CC4007500A344F1 /* PBXContainerItemProxy */ = {
			isa = PBXContainerItemProxy;
			containerPortal = 006083401CC4007500A344F1 /* Project object */;
			proxyType = 1;
			remoteGlobalIDString = 006083471CC4007500A344F1;
			remoteInfo = "Done!";
		};
		28BDF7ED1CC9093200E3F63C /* PBXContainerItemProxy */ = {
			isa = PBXContainerItemProxy;
			containerPortal = 006083401CC4007500A344F1 /* Project object */;
			proxyType = 1;
			remoteGlobalIDString = 28BDF7EA1CC9093200E3F63C;
			remoteInfo = "Done! Apple Watch Extension";
		};
		28BDF7FE1CC9093200E3F63C /* PBXContainerItemProxy */ = {
			isa = PBXContainerItemProxy;
			containerPortal = 006083401CC4007500A344F1 /* Project object */;
			proxyType = 1;
			remoteGlobalIDString = 28BDF7DE1CC9093100E3F63C;
			remoteInfo = "Done! Apple Watch";
		};
/* End PBXContainerItemProxy section */

/* Begin PBXCopyFilesBuildPhase section */
		28BDF7DA1CC8F03900E3F63C /* Embed Watch Content */ = {
			isa = PBXCopyFilesBuildPhase;
			buildActionMask = 2147483647;
			dstPath = "$(CONTENTS_FOLDER_PATH)/Watch";
			dstSubfolderSpec = 16;
			files = (
				28BDF8001CC9093200E3F63C /* Done! Apple Watch.app in Embed Watch Content */,
			);
			name = "Embed Watch Content";
			runOnlyForDeploymentPostprocessing = 0;
		};
		28BDF8041CC9093200E3F63C /* Embed App Extensions */ = {
			isa = PBXCopyFilesBuildPhase;
			buildActionMask = 2147483647;
			dstPath = "";
			dstSubfolderSpec = 13;
			files = (
				28BDF7EC1CC9093200E3F63C /* Done! Apple Watch Extension.appex in Embed App Extensions */,
			);
			name = "Embed App Extensions";
			runOnlyForDeploymentPostprocessing = 0;
		};
/* End PBXCopyFilesBuildPhase section */

/* Begin PBXFileReference section */
		006083481CC4007500A344F1 /* Done!.app */ = {isa = PBXFileReference; explicitFileType = wrapper.application; includeInIndex = 0; path = "Done!.app"; sourceTree = BUILT_PRODUCTS_DIR; };
		0060834C1CC4007500A344F1 /* main.m */ = {isa = PBXFileReference; lastKnownFileType = sourcecode.c.objc; path = main.m; sourceTree = "<group>"; };
		0060834E1CC4007500A344F1 /* AppDelegate.h */ = {isa = PBXFileReference; lastKnownFileType = sourcecode.c.h; path = AppDelegate.h; sourceTree = "<group>"; };
		0060834F1CC4007500A344F1 /* AppDelegate.m */ = {isa = PBXFileReference; lastKnownFileType = sourcecode.c.objc; path = AppDelegate.m; sourceTree = "<group>"; };
		006083551CC4007500A344F1 /* Base */ = {isa = PBXFileReference; lastKnownFileType = file.storyboard; name = Base; path = Base.lproj/Main.storyboard; sourceTree = "<group>"; };
		006083571CC4007500A344F1 /* Assets.xcassets */ = {isa = PBXFileReference; lastKnownFileType = folder.assetcatalog; path = Assets.xcassets; sourceTree = "<group>"; };
		0060835A1CC4007500A344F1 /* Base */ = {isa = PBXFileReference; lastKnownFileType = file.storyboard; name = Base; path = Base.lproj/LaunchScreen.storyboard; sourceTree = "<group>"; };
		0060835C1CC4007500A344F1 /* Info.plist */ = {isa = PBXFileReference; lastKnownFileType = text.plist.xml; path = Info.plist; sourceTree = "<group>"; };
		0060836C1CC4007500A344F1 /* Done!UITests.xctest */ = {isa = PBXFileReference; explicitFileType = wrapper.cfbundle; includeInIndex = 0; path = "Done!UITests.xctest"; sourceTree = BUILT_PRODUCTS_DIR; };
		00F48A2E1CC5193000B94EA4 /* CalendarViewController.h */ = {isa = PBXFileReference; fileEncoding = 4; lastKnownFileType = sourcecode.c.h; path = CalendarViewController.h; sourceTree = "<group>"; };
		00F48A2F1CC5193000B94EA4 /* CalendarViewController.m */ = {isa = PBXFileReference; fileEncoding = 4; lastKnownFileType = sourcecode.c.objc; path = CalendarViewController.m; sourceTree = "<group>"; };
		00F48A311CC5194100B94EA4 /* TodoViewController.h */ = {isa = PBXFileReference; fileEncoding = 4; lastKnownFileType = sourcecode.c.h; path = TodoViewController.h; sourceTree = "<group>"; };
		00F48A321CC5194100B94EA4 /* TodoViewController.m */ = {isa = PBXFileReference; fileEncoding = 4; lastKnownFileType = sourcecode.c.objc; path = TodoViewController.m; sourceTree = "<group>"; };
		00F48A341CC5194A00B94EA4 /* PreferenceViewController.h */ = {isa = PBXFileReference; fileEncoding = 4; lastKnownFileType = sourcecode.c.h; path = PreferenceViewController.h; sourceTree = "<group>"; };
		00F48A351CC5194A00B94EA4 /* PreferenceViewController.m */ = {isa = PBXFileReference; fileEncoding = 4; lastKnownFileType = sourcecode.c.objc; path = PreferenceViewController.m; sourceTree = "<group>"; };
		0374647BC908E590E8A3680A /* Pods.debug.xcconfig */ = {isa = PBXFileReference; includeInIndex = 1; lastKnownFileType = text.xcconfig; name = Pods.debug.xcconfig; path = "Pods/Target Support Files/Pods/Pods.debug.xcconfig"; sourceTree = "<group>"; };
		28006A111CC6B41900583D69 /* CustomCell.h */ = {isa = PBXFileReference; fileEncoding = 4; lastKnownFileType = sourcecode.c.h; path = CustomCell.h; sourceTree = "<group>"; };
		28006A121CC6B41900583D69 /* CustomCell.m */ = {isa = PBXFileReference; fileEncoding = 4; lastKnownFileType = sourcecode.c.objc; path = CustomCell.m; sourceTree = "<group>"; };
		2802F8181CC5B5BE00C65966 /* EventTableViewCell.xib */ = {isa = PBXFileReference; fileEncoding = 4; lastKnownFileType = file.xib; path = EventTableViewCell.xib; sourceTree = "<group>"; };
		2802F81D1CC5B78800C65966 /* EventTableViewCell.h */ = {isa = PBXFileReference; fileEncoding = 4; lastKnownFileType = sourcecode.c.h; path = EventTableViewCell.h; sourceTree = "<group>"; };
		2802F81E1CC5B78800C65966 /* EventTableViewCell.m */ = {isa = PBXFileReference; fileEncoding = 4; lastKnownFileType = sourcecode.c.objc; path = EventTableViewCell.m; sourceTree = "<group>"; };
		2802F8201CC5B7AE00C65966 /* Events.h */ = {isa = PBXFileReference; fileEncoding = 4; lastKnownFileType = sourcecode.c.h; path = Events.h; sourceTree = "<group>"; };
		2802F8211CC5B7AE00C65966 /* Events.m */ = {isa = PBXFileReference; fileEncoding = 4; lastKnownFileType = sourcecode.c.objc; path = Events.m; sourceTree = "<group>"; };
		2802F8251CC5B8D900C65966 /* NormalCell.xib */ = {isa = PBXFileReference; fileEncoding = 4; lastKnownFileType = file.xib; path = NormalCell.xib; sourceTree = "<group>"; };
		2802F8261CC5B8D900C65966 /* TextfieldCell.xib */ = {isa = PBXFileReference; fileEncoding = 4; lastKnownFileType = file.xib; path = TextfieldCell.xib; sourceTree = "<group>"; };
		2802F8271CC5B8D900C65966 /* DatePickerCell.xib */ = {isa = PBXFileReference; fileEncoding = 4; lastKnownFileType = file.xib; path = DatePickerCell.xib; sourceTree = "<group>"; };
		2802F8281CC5B8D900C65966 /* SwitchCell.xib */ = {isa = PBXFileReference; fileEncoding = 4; lastKnownFileType = file.xib; path = SwitchCell.xib; sourceTree = "<group>"; };
		2802F8291CC5B8D900C65966 /* ValuePickerCell.xib */ = {isa = PBXFileReference; fileEncoding = 4; lastKnownFileType = file.xib; path = ValuePickerCell.xib; sourceTree = "<group>"; };
		2802F8321CC5C2F400C65966 /* NewEventViewController.h */ = {isa = PBXFileReference; fileEncoding = 4; lastKnownFileType = sourcecode.c.h; path = NewEventViewController.h; sourceTree = "<group>"; };
		2802F8331CC5C2F400C65966 /* NewEventViewController.m */ = {isa = PBXFileReference; fileEncoding = 4; lastKnownFileType = sourcecode.c.objc; path = NewEventViewController.m; sourceTree = "<group>"; };
		282EAC231CC83A9C00020B88 /* circle-f.png */ = {isa = PBXFileReference; lastKnownFileType = image.png; path = "circle-f.png"; sourceTree = "<group>"; };
		282EAC241CC83A9C00020B88 /* circle-nf.png */ = {isa = PBXFileReference; lastKnownFileType = image.png; path = "circle-nf.png"; sourceTree = "<group>"; };
		2899F5951CC869C500098C30 /* tabBar.png */ = {isa = PBXFileReference; lastKnownFileType = image.png; path = tabBar.png; sourceTree = "<group>"; };
		28B2003B1CC7C36500A18DFC /* CellDescriptor.plist */ = {isa = PBXFileReference; fileEncoding = 4; lastKnownFileType = text.plist.xml; path = CellDescriptor.plist; sourceTree = "<group>"; };
		28BDF7AD1CC8F01900E3F63C /* Media.xcassets */ = {isa = PBXFileReference; lastKnownFileType = folder.assetcatalog; path = Media.xcassets; sourceTree = "<group>"; };
		28BDF7DF1CC9093100E3F63C /* Done! Apple Watch.app */ = {isa = PBXFileReference; explicitFileType = wrapper.application; includeInIndex = 0; path = "Done! Apple Watch.app"; sourceTree = BUILT_PRODUCTS_DIR; };
		28BDF7E21CC9093100E3F63C /* Base */ = {isa = PBXFileReference; lastKnownFileType = file.storyboard; name = Base; path = Base.lproj/Interface.storyboard; sourceTree = "<group>"; };
		28BDF7E41CC9093100E3F63C /* Assets.xcassets */ = {isa = PBXFileReference; lastKnownFileType = folder.assetcatalog; path = Assets.xcassets; sourceTree = "<group>"; };
		28BDF7E61CC9093100E3F63C /* Info.plist */ = {isa = PBXFileReference; lastKnownFileType = text.plist.xml; path = Info.plist; sourceTree = "<group>"; };
		28BDF7EB1CC9093200E3F63C /* Done! Apple Watch Extension.appex */ = {isa = PBXFileReference; explicitFileType = "wrapper.app-extension"; includeInIndex = 0; path = "Done! Apple Watch Extension.appex"; sourceTree = BUILT_PRODUCTS_DIR; };
		28BDF7F11CC9093200E3F63C /* PushNotificationPayload.apns */ = {isa = PBXFileReference; lastKnownFileType = text; path = PushNotificationPayload.apns; sourceTree = "<group>"; };
		28BDF7F21CC9093200E3F63C /* InterfaceController.h */ = {isa = PBXFileReference; lastKnownFileType = sourcecode.c.h; path = InterfaceController.h; sourceTree = "<group>"; };
		28BDF7F31CC9093200E3F63C /* InterfaceController.m */ = {isa = PBXFileReference; lastKnownFileType = sourcecode.c.objc; path = InterfaceController.m; sourceTree = "<group>"; };
		28BDF7F51CC9093200E3F63C /* ExtensionDelegate.h */ = {isa = PBXFileReference; lastKnownFileType = sourcecode.c.h; path = ExtensionDelegate.h; sourceTree = "<group>"; };
		28BDF7F61CC9093200E3F63C /* ExtensionDelegate.m */ = {isa = PBXFileReference; lastKnownFileType = sourcecode.c.objc; path = ExtensionDelegate.m; sourceTree = "<group>"; };
		28BDF7F81CC9093200E3F63C /* NotificationController.h */ = {isa = PBXFileReference; lastKnownFileType = sourcecode.c.h; path = NotificationController.h; sourceTree = "<group>"; };
		28BDF7F91CC9093200E3F63C /* NotificationController.m */ = {isa = PBXFileReference; lastKnownFileType = sourcecode.c.objc; path = NotificationController.m; sourceTree = "<group>"; };
		28BDF7FB1CC9093200E3F63C /* Assets.xcassets */ = {isa = PBXFileReference; lastKnownFileType = folder.assetcatalog; path = Assets.xcassets; sourceTree = "<group>"; };
		28BDF7FD1CC9093200E3F63C /* Info.plist */ = {isa = PBXFileReference; lastKnownFileType = text.plist.xml; path = Info.plist; sourceTree = "<group>"; };
		28BDF8081CC9094600E3F63C /* Media1.xcassets */ = {isa = PBXFileReference; lastKnownFileType = folder.assetcatalog; path = Media1.xcassets; sourceTree = "<group>"; };
		3B09F0C3C0C9240336577EF1 /* Pods.release.xcconfig */ = {isa = PBXFileReference; includeInIndex = 1; lastKnownFileType = text.xcconfig; name = Pods.release.xcconfig; path = "Pods/Target Support Files/Pods/Pods.release.xcconfig"; sourceTree = "<group>"; };
		FCE0E78F99B8FCC53D66E6D5 /* libPods.a */ = {isa = PBXFileReference; explicitFileType = archive.ar; includeInIndex = 0; path = libPods.a; sourceTree = BUILT_PRODUCTS_DIR; };
/* End PBXFileReference section */

/* Begin PBXFrameworksBuildPhase section */
		006083451CC4007500A344F1 /* Frameworks */ = {
			isa = PBXFrameworksBuildPhase;
			buildActionMask = 2147483647;
			files = (
				703C5ED27BF76299D46C1559 /* libPods.a in Frameworks */,
			);
			runOnlyForDeploymentPostprocessing = 0;
		};
		006083691CC4007500A344F1 /* Frameworks */ = {
			isa = PBXFrameworksBuildPhase;
			buildActionMask = 2147483647;
			files = (
			);
			runOnlyForDeploymentPostprocessing = 0;
		};
		28BDF7E81CC9093200E3F63C /* Frameworks */ = {
			isa = PBXFrameworksBuildPhase;
			buildActionMask = 2147483647;
			files = (
			);
			runOnlyForDeploymentPostprocessing = 0;
		};
/* End PBXFrameworksBuildPhase section */

/* Begin PBXGroup section */
		0060833F1CC4007500A344F1 = {
			isa = PBXGroup;
			children = (
				0060834A1CC4007500A344F1 /* Done! */,
				28BDF7E01CC9093100E3F63C /* Done! Apple Watch */,
				28BDF7EF1CC9093200E3F63C /* Done! Apple Watch Extension */,
				006083491CC4007500A344F1 /* Products */,
				273EA36A335F7ED548931615 /* Pods */,
				E6E9915F888699DBBD0F4075 /* Frameworks */,
			);
			sourceTree = "<group>";
		};
		006083491CC4007500A344F1 /* Products */ = {
			isa = PBXGroup;
			children = (
				006083481CC4007500A344F1 /* Done!.app */,
				0060836C1CC4007500A344F1 /* Done!UITests.xctest */,
				28BDF7DF1CC9093100E3F63C /* Done! Apple Watch.app */,
				28BDF7EB1CC9093200E3F63C /* Done! Apple Watch Extension.appex */,
			);
			name = Products;
			sourceTree = "<group>";
		};
		0060834A1CC4007500A344F1 /* Done! */ = {
			isa = PBXGroup;
			children = (
				0060834E1CC4007500A344F1 /* AppDelegate.h */,
				0060834F1CC4007500A344F1 /* AppDelegate.m */,
				006083541CC4007500A344F1 /* Main.storyboard */,
				2802F8241CC5B7BB00C65966 /* Views */,
				2802F8231CC5B7B200C65966 /* Classes */,
				00F48A371CC5195600B94EA4 /* ViewControllers */,
				006083571CC4007500A344F1 /* Assets.xcassets */,
				28BDF7AD1CC8F01900E3F63C /* Media.xcassets */,
				2899F5951CC869C500098C30 /* tabBar.png */,
				282EAC231CC83A9C00020B88 /* circle-f.png */,
				282EAC241CC83A9C00020B88 /* circle-nf.png */,
				006083591CC4007500A344F1 /* LaunchScreen.storyboard */,
				0060835C1CC4007500A344F1 /* Info.plist */,
				28B2003B1CC7C36500A18DFC /* CellDescriptor.plist */,
				0060834B1CC4007500A344F1 /* Supporting Files */,
			);
			path = "Done!";
			sourceTree = "<group>";
		};
		0060834B1CC4007500A344F1 /* Supporting Files */ = {
			isa = PBXGroup;
			children = (
				0060834C1CC4007500A344F1 /* main.m */,
			);
			name = "Supporting Files";
			sourceTree = "<group>";
		};
		00F48A371CC5195600B94EA4 /* ViewControllers */ = {
			isa = PBXGroup;
			children = (
				00F48A311CC5194100B94EA4 /* TodoViewController.h */,
				00F48A321CC5194100B94EA4 /* TodoViewController.m */,
				2802F8321CC5C2F400C65966 /* NewEventViewController.h */,
				2802F8331CC5C2F400C65966 /* NewEventViewController.m */,
				00F48A2E1CC5193000B94EA4 /* CalendarViewController.h */,
				00F48A2F1CC5193000B94EA4 /* CalendarViewController.m */,
				00F48A341CC5194A00B94EA4 /* PreferenceViewController.h */,
				00F48A351CC5194A00B94EA4 /* PreferenceViewController.m */,
			);
			name = ViewControllers;
			sourceTree = "<group>";
		};
		273EA36A335F7ED548931615 /* Pods */ = {
			isa = PBXGroup;
			children = (
				0374647BC908E590E8A3680A /* Pods.debug.xcconfig */,
				3B09F0C3C0C9240336577EF1 /* Pods.release.xcconfig */,
			);
			name = Pods;
			sourceTree = "<group>";
		};
		2802F8231CC5B7B200C65966 /* Classes */ = {
			isa = PBXGroup;
			children = (
				28006A111CC6B41900583D69 /* CustomCell.h */,
				28006A121CC6B41900583D69 /* CustomCell.m */,
				2802F81D1CC5B78800C65966 /* EventTableViewCell.h */,
				2802F81E1CC5B78800C65966 /* EventTableViewCell.m */,
				2802F8201CC5B7AE00C65966 /* Events.h */,
				2802F8211CC5B7AE00C65966 /* Events.m */,
			);
			name = Classes;
			sourceTree = "<group>";
		};
		2802F8241CC5B7BB00C65966 /* Views */ = {
			isa = PBXGroup;
			children = (
				2802F8251CC5B8D900C65966 /* NormalCell.xib */,
				2802F8281CC5B8D900C65966 /* SwitchCell.xib */,
				2802F8261CC5B8D900C65966 /* TextfieldCell.xib */,
				2802F8271CC5B8D900C65966 /* DatePickerCell.xib */,
				2802F8291CC5B8D900C65966 /* ValuePickerCell.xib */,
				2802F8181CC5B5BE00C65966 /* EventTableViewCell.xib */,
			);
			name = Views;
			sourceTree = "<group>";
		};
		28BDF7E01CC9093100E3F63C /* Done! Apple Watch */ = {
			isa = PBXGroup;
			children = (
				28BDF7E11CC9093100E3F63C /* Interface.storyboard */,
				28BDF8081CC9094600E3F63C /* Media1.xcassets */,
				28BDF7E41CC9093100E3F63C /* Assets.xcassets */,
				28BDF7E61CC9093100E3F63C /* Info.plist */,
			);
			path = "Done! Apple Watch";
			sourceTree = "<group>";
		};
		28BDF7EF1CC9093200E3F63C /* Done! Apple Watch Extension */ = {
			isa = PBXGroup;
			children = (
				28BDF7F21CC9093200E3F63C /* InterfaceController.h */,
				28BDF7F31CC9093200E3F63C /* InterfaceController.m */,
				28BDF7F51CC9093200E3F63C /* ExtensionDelegate.h */,
				28BDF7F61CC9093200E3F63C /* ExtensionDelegate.m */,
				28BDF7F81CC9093200E3F63C /* NotificationController.h */,
				28BDF7F91CC9093200E3F63C /* NotificationController.m */,
				28BDF7FB1CC9093200E3F63C /* Assets.xcassets */,
				28BDF7FD1CC9093200E3F63C /* Info.plist */,
				28BDF7F01CC9093200E3F63C /* Supporting Files */,
			);
			path = "Done! Apple Watch Extension";
			sourceTree = "<group>";
		};
		28BDF7F01CC9093200E3F63C /* Supporting Files */ = {
			isa = PBXGroup;
			children = (
				28BDF7F11CC9093200E3F63C /* PushNotificationPayload.apns */,
			);
			name = "Supporting Files";
			sourceTree = "<group>";
		};
		E6E9915F888699DBBD0F4075 /* Frameworks */ = {
			isa = PBXGroup;
			children = (
				FCE0E78F99B8FCC53D66E6D5 /* libPods.a */,
			);
			name = Frameworks;
			sourceTree = "<group>";
		};
/* End PBXGroup section */

/* Begin PBXNativeTarget section */
		006083471CC4007500A344F1 /* Done! */ = {
			isa = PBXNativeTarget;
			buildConfigurationList = 006083751CC4007500A344F1 /* Build configuration list for PBXNativeTarget "Done!" */;
			buildPhases = (
				A1C77678CD19E212B94BCA90 /* Check Pods Manifest.lock */,
				006083441CC4007500A344F1 /* Sources */,
				006083451CC4007500A344F1 /* Frameworks */,
				006083461CC4007500A344F1 /* Resources */,
				F52EF59232716A5CB3ABA444 /* Embed Pods Frameworks */,
				1B5297204908980F1B0B1BCF /* Copy Pods Resources */,
				28BDF7DA1CC8F03900E3F63C /* Embed Watch Content */,
			);
			buildRules = (
			);
			dependencies = (
				28BDF7FF1CC9093200E3F63C /* PBXTargetDependency */,
			);
			name = "Done!";
			productName = "Done!";
			productReference = 006083481CC4007500A344F1 /* Done!.app */;
			productType = "com.apple.product-type.application";
		};
		0060836B1CC4007500A344F1 /* Done!UITests */ = {
			isa = PBXNativeTarget;
			buildConfigurationList = 0060837B1CC4007500A344F1 /* Build configuration list for PBXNativeTarget "Done!UITests" */;
			buildPhases = (
				006083681CC4007500A344F1 /* Sources */,
				006083691CC4007500A344F1 /* Frameworks */,
				0060836A1CC4007500A344F1 /* Resources */,
			);
			buildRules = (
			);
			dependencies = (
				0060836E1CC4007500A344F1 /* PBXTargetDependency */,
			);
			name = "Done!UITests";
			productName = "Done!UITests";
			productReference = 0060836C1CC4007500A344F1 /* Done!UITests.xctest */;
			productType = "com.apple.product-type.bundle.ui-testing";
		};
		28BDF7DE1CC9093100E3F63C /* Done! Apple Watch */ = {
			isa = PBXNativeTarget;
			buildConfigurationList = 28BDF8051CC9093200E3F63C /* Build configuration list for PBXNativeTarget "Done! Apple Watch" */;
			buildPhases = (
				28BDF7DD1CC9093100E3F63C /* Resources */,
				28BDF8041CC9093200E3F63C /* Embed App Extensions */,
			);
			buildRules = (
			);
			dependencies = (
				28BDF7EE1CC9093200E3F63C /* PBXTargetDependency */,
			);
			name = "Done! Apple Watch";
			productName = "Done! Apple Watch";
			productReference = 28BDF7DF1CC9093100E3F63C /* Done! Apple Watch.app */;
			productType = "com.apple.product-type.application.watchapp2";
		};
		28BDF7EA1CC9093200E3F63C /* Done! Apple Watch Extension */ = {
			isa = PBXNativeTarget;
			buildConfigurationList = 28BDF8011CC9093200E3F63C /* Build configuration list for PBXNativeTarget "Done! Apple Watch Extension" */;
			buildPhases = (
				28BDF7E71CC9093200E3F63C /* Sources */,
				28BDF7E81CC9093200E3F63C /* Frameworks */,
				28BDF7E91CC9093200E3F63C /* Resources */,
			);
			buildRules = (
			);
			dependencies = (
			);
			name = "Done! Apple Watch Extension";
			productName = "Done! Apple Watch Extension";
			productReference = 28BDF7EB1CC9093200E3F63C /* Done! Apple Watch Extension.appex */;
			productType = "com.apple.product-type.watchkit2-extension";
		};
/* End PBXNativeTarget section */

/* Begin PBXProject section */
		006083401CC4007500A344F1 /* Project object */ = {
			isa = PBXProject;
			attributes = {
				LastUpgradeCheck = 0730;
				ORGANIZATIONNAME = "Yongyang Nie";
				TargetAttributes = {
					006083471CC4007500A344F1 = {
						CreatedOnToolsVersion = 7.3;
						DevelopmentTeam = 8NZ8K5GNH8;
					};
					0060836B1CC4007500A344F1 = {
						CreatedOnToolsVersion = 7.3;
						TestTargetID = 006083471CC4007500A344F1;
					};
					28BDF7DE1CC9093100E3F63C = {
						CreatedOnToolsVersion = 7.3;
						DevelopmentTeam = 8NZ8K5GNH8;
					};
					28BDF7EA1CC9093200E3F63C = {
						CreatedOnToolsVersion = 7.3;
						DevelopmentTeam = 8NZ8K5GNH8;
					};
				};
			};
			buildConfigurationList = 006083431CC4007500A344F1 /* Build configuration list for PBXProject "Done!" */;
			compatibilityVersion = "Xcode 3.2";
			developmentRegion = English;
			hasScannedForEncodings = 0;
			knownRegions = (
				en,
				Base,
			);
			mainGroup = 0060833F1CC4007500A344F1;
			productRefGroup = 006083491CC4007500A344F1 /* Products */;
			projectDirPath = "";
			projectRoot = "";
			targets = (
				006083471CC4007500A344F1 /* Done! */,
				0060836B1CC4007500A344F1 /* Done!UITests */,
				28BDF7DE1CC9093100E3F63C /* Done! Apple Watch */,
				28BDF7EA1CC9093200E3F63C /* Done! Apple Watch Extension */,
			);
		};
/* End PBXProject section */

/* Begin PBXResourcesBuildPhase section */
		006083461CC4007500A344F1 /* Resources */ = {
			isa = PBXResourcesBuildPhase;
			buildActionMask = 2147483647;
			files = (
				2802F8191CC5B5BE00C65966 /* EventTableViewCell.xib in Resources */,
				282EAC251CC83A9C00020B88 /* circle-f.png in Resources */,
				28BDF7AE1CC8F01900E3F63C /* Media.xcassets in Resources */,
				28B2003C1CC7C36500A18DFC /* CellDescriptor.plist in Resources */,
				2802F82D1CC5B8DA00C65966 /* SwitchCell.xib in Resources */,
				2802F82B1CC5B8DA00C65966 /* TextfieldCell.xib in Resources */,
				0060835B1CC4007500A344F1 /* LaunchScreen.storyboard in Resources */,
				2802F82C1CC5B8DA00C65966 /* DatePickerCell.xib in Resources */,
				282EAC261CC83A9C00020B88 /* circle-nf.png in Resources */,
				006083581CC4007500A344F1 /* Assets.xcassets in Resources */,
				2802F82E1CC5B8DA00C65966 /* ValuePickerCell.xib in Resources */,
				2899F5961CC869C500098C30 /* tabBar.png in Resources */,
				006083561CC4007500A344F1 /* Main.storyboard in Resources */,
				2802F82A1CC5B8DA00C65966 /* NormalCell.xib in Resources */,
			);
			runOnlyForDeploymentPostprocessing = 0;
		};
		0060836A1CC4007500A344F1 /* Resources */ = {
			isa = PBXResourcesBuildPhase;
			buildActionMask = 2147483647;
			files = (
			);
			runOnlyForDeploymentPostprocessing = 0;
		};
		28BDF7DD1CC9093100E3F63C /* Resources */ = {
			isa = PBXResourcesBuildPhase;
			buildActionMask = 2147483647;
			files = (
				28BDF8091CC9094600E3F63C /* Media1.xcassets in Resources */,
				28BDF7E51CC9093100E3F63C /* Assets.xcassets in Resources */,
				28BDF7E31CC9093100E3F63C /* Interface.storyboard in Resources */,
			);
			runOnlyForDeploymentPostprocessing = 0;
		};
		28BDF7E91CC9093200E3F63C /* Resources */ = {
			isa = PBXResourcesBuildPhase;
			buildActionMask = 2147483647;
			files = (
				28BDF7FC1CC9093200E3F63C /* Assets.xcassets in Resources */,
			);
			runOnlyForDeploymentPostprocessing = 0;
		};
/* End PBXResourcesBuildPhase section */

/* Begin PBXShellScriptBuildPhase section */
		1B5297204908980F1B0B1BCF /* Copy Pods Resources */ = {
			isa = PBXShellScriptBuildPhase;
			buildActionMask = 2147483647;
			files = (
			);
			inputPaths = (
			);
			name = "Copy Pods Resources";
			outputPaths = (
			);
			runOnlyForDeploymentPostprocessing = 0;
			shellPath = /bin/sh;
			shellScript = "\"${SRCROOT}/Pods/Target Support Files/Pods/Pods-resources.sh\"\n";
			showEnvVarsInLog = 0;
		};
		A1C77678CD19E212B94BCA90 /* Check Pods Manifest.lock */ = {
			isa = PBXShellScriptBuildPhase;
			buildActionMask = 2147483647;
			files = (
			);
			inputPaths = (
			);
			name = "Check Pods Manifest.lock";
			outputPaths = (
			);
			runOnlyForDeploymentPostprocessing = 0;
			shellPath = /bin/sh;
			shellScript = "diff \"${PODS_ROOT}/../Podfile.lock\" \"${PODS_ROOT}/Manifest.lock\" > /dev/null\nif [[ $? != 0 ]] ; then\n    cat << EOM\nerror: The sandbox is not in sync with the Podfile.lock. Run 'pod install' or update your CocoaPods installation.\nEOM\n    exit 1\nfi\n";
			showEnvVarsInLog = 0;
		};
		F52EF59232716A5CB3ABA444 /* Embed Pods Frameworks */ = {
			isa = PBXShellScriptBuildPhase;
			buildActionMask = 2147483647;
			files = (
			);
			inputPaths = (
			);
			name = "Embed Pods Frameworks";
			outputPaths = (
			);
			runOnlyForDeploymentPostprocessing = 0;
			shellPath = /bin/sh;
			shellScript = "\"${SRCROOT}/Pods/Target Support Files/Pods/Pods-frameworks.sh\"\n";
			showEnvVarsInLog = 0;
		};
/* End PBXShellScriptBuildPhase section */

/* Begin PBXSourcesBuildPhase section */
		006083441CC4007500A344F1 /* Sources */ = {
			isa = PBXSourcesBuildPhase;
			buildActionMask = 2147483647;
			files = (
				00F48A301CC5193000B94EA4 /* CalendarViewController.m in Sources */,
				2802F8221CC5B7AE00C65966 /* Events.m in Sources */,
				2802F8341CC5C2F400C65966 /* NewEventViewController.m in Sources */,
				006083501CC4007500A344F1 /* AppDelegate.m in Sources */,
				2802F81F1CC5B78800C65966 /* EventTableViewCell.m in Sources */,
				00F48A361CC5194A00B94EA4 /* PreferenceViewController.m in Sources */,
				00F48A331CC5194100B94EA4 /* TodoViewController.m in Sources */,
				0060834D1CC4007500A344F1 /* main.m in Sources */,
				28006A131CC6B41900583D69 /* CustomCell.m in Sources */,
			);
			runOnlyForDeploymentPostprocessing = 0;
		};
		006083681CC4007500A344F1 /* Sources */ = {
			isa = PBXSourcesBuildPhase;
			buildActionMask = 2147483647;
			files = (
			);
			runOnlyForDeploymentPostprocessing = 0;
		};
		28BDF7E71CC9093200E3F63C /* Sources */ = {
			isa = PBXSourcesBuildPhase;
			buildActionMask = 2147483647;
			files = (
				28BDF7F71CC9093200E3F63C /* ExtensionDelegate.m in Sources */,
				28BDF7F41CC9093200E3F63C /* InterfaceController.m in Sources */,
				28BDF7FA1CC9093200E3F63C /* NotificationController.m in Sources */,
			);
			runOnlyForDeploymentPostprocessing = 0;
		};
/* End PBXSourcesBuildPhase section */

/* Begin PBXTargetDependency section */
		0060836E1CC4007500A344F1 /* PBXTargetDependency */ = {
			isa = PBXTargetDependency;
			target = 006083471CC4007500A344F1 /* Done! */;
			targetProxy = 0060836D1CC4007500A344F1 /* PBXContainerItemProxy */;
		};
		28BDF7EE1CC9093200E3F63C /* PBXTargetDependency */ = {
			isa = PBXTargetDependency;
			target = 28BDF7EA1CC9093200E3F63C /* Done! Apple Watch Extension */;
			targetProxy = 28BDF7ED1CC9093200E3F63C /* PBXContainerItemProxy */;
		};
		28BDF7FF1CC9093200E3F63C /* PBXTargetDependency */ = {
			isa = PBXTargetDependency;
			target = 28BDF7DE1CC9093100E3F63C /* Done! Apple Watch */;
			targetProxy = 28BDF7FE1CC9093200E3F63C /* PBXContainerItemProxy */;
		};
/* End PBXTargetDependency section */

/* Begin PBXVariantGroup section */
		006083541CC4007500A344F1 /* Main.storyboard */ = {
			isa = PBXVariantGroup;
			children = (
				006083551CC4007500A344F1 /* Base */,
			);
			name = Main.storyboard;
			sourceTree = "<group>";
		};
		006083591CC4007500A344F1 /* LaunchScreen.storyboard */ = {
			isa = PBXVariantGroup;
			children = (
				0060835A1CC4007500A344F1 /* Base */,
			);
			name = LaunchScreen.storyboard;
			sourceTree = "<group>";
		};
		28BDF7E11CC9093100E3F63C /* Interface.storyboard */ = {
			isa = PBXVariantGroup;
			children = (
				28BDF7E21CC9093100E3F63C /* Base */,
			);
			name = Interface.storyboard;
			sourceTree = "<group>";
		};
/* End PBXVariantGroup section */

/* Begin XCBuildConfiguration section */
		006083731CC4007500A344F1 /* Debug */ = {
			isa = XCBuildConfiguration;
			buildSettings = {
				ALWAYS_SEARCH_USER_PATHS = NO;
				CLANG_ANALYZER_NONNULL = YES;
				CLANG_CXX_LANGUAGE_STANDARD = "gnu++0x";
				CLANG_CXX_LIBRARY = "libc++";
				CLANG_ENABLE_MODULES = YES;
				CLANG_ENABLE_OBJC_ARC = YES;
				CLANG_WARN_BOOL_CONVERSION = YES;
				CLANG_WARN_CONSTANT_CONVERSION = YES;
				CLANG_WARN_DIRECT_OBJC_ISA_USAGE = YES_ERROR;
				CLANG_WARN_EMPTY_BODY = YES;
				CLANG_WARN_ENUM_CONVERSION = YES;
				CLANG_WARN_INT_CONVERSION = YES;
				CLANG_WARN_OBJC_ROOT_CLASS = YES_ERROR;
				CLANG_WARN_UNREACHABLE_CODE = YES;
				CLANG_WARN__DUPLICATE_METHOD_MATCH = YES;
				"CODE_SIGN_IDENTITY[sdk=iphoneos*]" = "iPhone Developer";
				COPY_PHASE_STRIP = NO;
				DEBUG_INFORMATION_FORMAT = dwarf;
				ENABLE_STRICT_OBJC_MSGSEND = YES;
				ENABLE_TESTABILITY = YES;
				GCC_C_LANGUAGE_STANDARD = gnu99;
				GCC_DYNAMIC_NO_PIC = NO;
				GCC_NO_COMMON_BLOCKS = YES;
				GCC_OPTIMIZATION_LEVEL = 0;
				GCC_PREPROCESSOR_DEFINITIONS = (
					"DEBUG=1",
					"$(inherited)",
				);
				GCC_WARN_64_TO_32_BIT_CONVERSION = YES;
				GCC_WARN_ABOUT_RETURN_TYPE = YES_ERROR;
				GCC_WARN_UNDECLARED_SELECTOR = YES;
				GCC_WARN_UNINITIALIZED_AUTOS = YES_AGGRESSIVE;
				GCC_WARN_UNUSED_FUNCTION = YES;
				GCC_WARN_UNUSED_VARIABLE = YES;
				IPHONEOS_DEPLOYMENT_TARGET = 9.3;
				MTL_ENABLE_DEBUG_INFO = YES;
				ONLY_ACTIVE_ARCH = YES;
				SDKROOT = iphoneos;
				TARGETED_DEVICE_FAMILY = "1,2";
			};
			name = Debug;
		};
		006083741CC4007500A344F1 /* Release */ = {
			isa = XCBuildConfiguration;
			buildSettings = {
				ALWAYS_SEARCH_USER_PATHS = NO;
				CLANG_ANALYZER_NONNULL = YES;
				CLANG_CXX_LANGUAGE_STANDARD = "gnu++0x";
				CLANG_CXX_LIBRARY = "libc++";
				CLANG_ENABLE_MODULES = YES;
				CLANG_ENABLE_OBJC_ARC = YES;
				CLANG_WARN_BOOL_CONVERSION = YES;
				CLANG_WARN_CONSTANT_CONVERSION = YES;
				CLANG_WARN_DIRECT_OBJC_ISA_USAGE = YES_ERROR;
				CLANG_WARN_EMPTY_BODY = YES;
				CLANG_WARN_ENUM_CONVERSION = YES;
				CLANG_WARN_INT_CONVERSION = YES;
				CLANG_WARN_OBJC_ROOT_CLASS = YES_ERROR;
				CLANG_WARN_UNREACHABLE_CODE = YES;
				CLANG_WARN__DUPLICATE_METHOD_MATCH = YES;
				"CODE_SIGN_IDENTITY[sdk=iphoneos*]" = "iPhone Developer";
				COPY_PHASE_STRIP = NO;
				DEBUG_INFORMATION_FORMAT = "dwarf-with-dsym";
				ENABLE_NS_ASSERTIONS = NO;
				ENABLE_STRICT_OBJC_MSGSEND = YES;
				GCC_C_LANGUAGE_STANDARD = gnu99;
				GCC_NO_COMMON_BLOCKS = YES;
				GCC_WARN_64_TO_32_BIT_CONVERSION = YES;
				GCC_WARN_ABOUT_RETURN_TYPE = YES_ERROR;
				GCC_WARN_UNDECLARED_SELECTOR = YES;
				GCC_WARN_UNINITIALIZED_AUTOS = YES_AGGRESSIVE;
				GCC_WARN_UNUSED_FUNCTION = YES;
				GCC_WARN_UNUSED_VARIABLE = YES;
				IPHONEOS_DEPLOYMENT_TARGET = 9.3;
				MTL_ENABLE_DEBUG_INFO = NO;
				SDKROOT = iphoneos;
				TARGETED_DEVICE_FAMILY = "1,2";
				VALIDATE_PRODUCT = YES;
			};
			name = Release;
		};
		006083761CC4007500A344F1 /* Debug */ = {
			isa = XCBuildConfiguration;
			baseConfigurationReference = 0374647BC908E590E8A3680A /* Pods.debug.xcconfig */;
			buildSettings = {
				ASSETCATALOG_COMPILER_APPICON_NAME = AppIcon;
				CODE_SIGN_IDENTITY = "iPhone Developer";
				INFOPLIST_FILE = "Done!/Info.plist";
				IPHONEOS_DEPLOYMENT_TARGET = 9.0;
				LD_RUNPATH_SEARCH_PATHS = "$(inherited) @executable_path/Frameworks";
				PRODUCT_BUNDLE_IDENTIFIER = com.yongyang.Done;
				PRODUCT_NAME = "$(TARGET_NAME)";
			};
			name = Debug;
		};
		006083771CC4007500A344F1 /* Release */ = {
			isa = XCBuildConfiguration;
			baseConfigurationReference = 3B09F0C3C0C9240336577EF1 /* Pods.release.xcconfig */;
			buildSettings = {
				ASSETCATALOG_COMPILER_APPICON_NAME = AppIcon;
				CODE_SIGN_IDENTITY = "iPhone Developer";
				INFOPLIST_FILE = "Done!/Info.plist";
				IPHONEOS_DEPLOYMENT_TARGET = 9.0;
				LD_RUNPATH_SEARCH_PATHS = "$(inherited) @executable_path/Frameworks";
				PRODUCT_BUNDLE_IDENTIFIER = com.yongyang.Done;
				PRODUCT_NAME = "$(TARGET_NAME)";
			};
			name = Release;
		};
		0060837C1CC4007500A344F1 /* Debug */ = {
			isa = XCBuildConfiguration;
			buildSettings = {
				INFOPLIST_FILE = "Done!UITests/Info.plist";
				LD_RUNPATH_SEARCH_PATHS = "$(inherited) @executable_path/Frameworks @loader_path/Frameworks";
				PRODUCT_BUNDLE_IDENTIFIER = "com.yongyang.Done-UITests";
				PRODUCT_NAME = "$(TARGET_NAME)";
				TEST_TARGET_NAME = "Done!";
			};
			name = Debug;
		};
		0060837D1CC4007500A344F1 /* Release */ = {
			isa = XCBuildConfiguration;
			buildSettings = {
				INFOPLIST_FILE = "Done!UITests/Info.plist";
				LD_RUNPATH_SEARCH_PATHS = "$(inherited) @executable_path/Frameworks @loader_path/Frameworks";
				PRODUCT_BUNDLE_IDENTIFIER = "com.yongyang.Done-UITests";
				PRODUCT_NAME = "$(TARGET_NAME)";
				TEST_TARGET_NAME = "Done!";
			};
			name = Release;
		};
		28BDF8021CC9093200E3F63C /* Debug */ = {
			isa = XCBuildConfiguration;
			buildSettings = {
				CODE_SIGN_IDENTITY = "iPhone Developer";
				INFOPLIST_FILE = "Done! Apple Watch Extension/Info.plist";
				LD_RUNPATH_SEARCH_PATHS = "$(inherited) @executable_path/Frameworks @executable_path/../../Frameworks";
				PRODUCT_BUNDLE_IDENTIFIER = com.yongyang.done.watchkitapp.watchkitextension;
				PRODUCT_NAME = "${TARGET_NAME}";
				SDKROOT = watchos;
				SKIP_INSTALL = YES;
				TARGETED_DEVICE_FAMILY = 4;
				WATCHOS_DEPLOYMENT_TARGET = 2.2;
			};
			name = Debug;
		};
		28BDF8031CC9093200E3F63C /* Release */ = {
			isa = XCBuildConfiguration;
			buildSettings = {
				CODE_SIGN_IDENTITY = "iPhone Developer";
				INFOPLIST_FILE = "Done! Apple Watch Extension/Info.plist";
				LD_RUNPATH_SEARCH_PATHS = "$(inherited) @executable_path/Frameworks @executable_path/../../Frameworks";
				PRODUCT_BUNDLE_IDENTIFIER = com.yongyang.done.watchkitapp.watchkitextension;
				PRODUCT_NAME = "${TARGET_NAME}";
				SDKROOT = watchos;
				SKIP_INSTALL = YES;
				TARGETED_DEVICE_FAMILY = 4;
				WATCHOS_DEPLOYMENT_TARGET = 2.2;
			};
			name = Release;
		};
		28BDF8061CC9093200E3F63C /* Debug */ = {
			isa = XCBuildConfiguration;
			buildSettings = {
				ASSETCATALOG_COMPILER_APPICON_NAME = AppIcon;
				CODE_SIGN_IDENTITY = "iPhone Developer";
				IBSC_MODULE = Done__Apple_Watch_Extension;
				INFOPLIST_FILE = "Done! Apple Watch/Info.plist";
				PRODUCT_BUNDLE_IDENTIFIER = com.yongyang.done.watchkitapp;
				PRODUCT_NAME = "$(TARGET_NAME)";
				SDKROOT = watchos;
				SKIP_INSTALL = YES;
				TARGETED_DEVICE_FAMILY = 4;
				WATCHOS_DEPLOYMENT_TARGET = 2.2;
			};
			name = Debug;
		};
		28BDF8071CC9093200E3F63C /* Release */ = {
			isa = XCBuildConfiguration;
			buildSettings = {
				ASSETCATALOG_COMPILER_APPICON_NAME = AppIcon;
				CODE_SIGN_IDENTITY = "iPhone Developer";
				IBSC_MODULE = Done__Apple_Watch_Extension;
				INFOPLIST_FILE = "Done! Apple Watch/Info.plist";
				PRODUCT_BUNDLE_IDENTIFIER = com.yongyang.done.watchkitapp;
				PRODUCT_NAME = "$(TARGET_NAME)";
				SDKROOT = watchos;
				SKIP_INSTALL = YES;
				TARGETED_DEVICE_FAMILY = 4;
				WATCHOS_DEPLOYMENT_TARGET = 2.2;
			};
			name = Release;
		};
/* End XCBuildConfiguration section */

/* Begin XCConfigurationList section */
		006083431CC4007500A344F1 /* Build configuration list for PBXProject "Done!" */ = {
			isa = XCConfigurationList;
			buildConfigurations = (
				006083731CC4007500A344F1 /* Debug */,
				006083741CC4007500A344F1 /* Release */,
			);
			defaultConfigurationIsVisible = 0;
			defaultConfigurationName = Release;
		};
		006083751CC4007500A344F1 /* Build configuration list for PBXNativeTarget "Done!" */ = {
			isa = XCConfigurationList;
			buildConfigurations = (
				006083761CC4007500A344F1 /* Debug */,
				006083771CC4007500A344F1 /* Release */,
			);
			defaultConfigurationIsVisible = 0;
			defaultConfigurationName = Release;
		};
		0060837B1CC4007500A344F1 /* Build configuration list for PBXNativeTarget "Done!UITests" */ = {
			isa = XCConfigurationList;
			buildConfigurations = (
				0060837C1CC4007500A344F1 /* Debug */,
				0060837D1CC4007500A344F1 /* Release */,
			);
			defaultConfigurationIsVisible = 0;
			defaultConfigurationName = Release;
		};
		28BDF8011CC9093200E3F63C /* Build configuration list for PBXNativeTarget "Done! Apple Watch Extension" */ = {
			isa = XCConfigurationList;
			buildConfigurations = (
				28BDF8021CC9093200E3F63C /* Debug */,
				28BDF8031CC9093200E3F63C /* Release */,
			);
			defaultConfigurationIsVisible = 0;
			defaultConfigurationName = Release;
		};
		28BDF8051CC9093200E3F63C /* Build configuration list for PBXNativeTarget "Done! Apple Watch" */ = {
			isa = XCConfigurationList;
			buildConfigurations = (
				28BDF8061CC9093200E3F63C /* Debug */,
				28BDF8071CC9093200E3F63C /* Release */,
			);
			defaultConfigurationIsVisible = 0;
			defaultConfigurationName = Release;
		};
/* End XCConfigurationList section */
	};
	rootObject = 006083401CC4007500A344F1 /* Project object */;
}
