// !$*UTF8*$!
{
	archiveVersion = 1;
	classes = {
	};
	objectVersion = 46;
	objects = {

/* Begin PBXBuildFile section */
		003C014C1CCC4752003F7A0B /* Interface.storyboard in Resources */ = {isa = PBXBuildFile; fileRef = 003C014A1CCC4752003F7A0B /* Interface.storyboard */; };
		003C014E1CCC4752003F7A0B /* Assets.xcassets in Resources */ = {isa = PBXBuildFile; fileRef = 003C014D1CCC4752003F7A0B /* Assets.xcassets */; };
		003C01551CCC4753003F7A0B /* Done! Apple Watch Extension.appex in Embed App Extensions */ = {isa = PBXBuildFile; fileRef = 003C01541CCC4753003F7A0B /* Done! Apple Watch Extension.appex */; settings = {ATTRIBUTES = (RemoveHeadersOnCopy, ); }; };
		003C015D1CCC4753003F7A0B /* InterfaceController.m in Sources */ = {isa = PBXBuildFile; fileRef = 003C015C1CCC4753003F7A0B /* InterfaceController.m */; };
		003C01601CCC4753003F7A0B /* ExtensionDelegate.m in Sources */ = {isa = PBXBuildFile; fileRef = 003C015F1CCC4753003F7A0B /* ExtensionDelegate.m */; };
		003C01631CCC4753003F7A0B /* NotificationController.m in Sources */ = {isa = PBXBuildFile; fileRef = 003C01621CCC4753003F7A0B /* NotificationController.m */; };
		003C01661CCC4753003F7A0B /* GlanceController.m in Sources */ = {isa = PBXBuildFile; fileRef = 003C01651CCC4753003F7A0B /* GlanceController.m */; };
		003C01691CCC4753003F7A0B /* ComplicationController.m in Sources */ = {isa = PBXBuildFile; fileRef = 003C01681CCC4753003F7A0B /* ComplicationController.m */; };
		003C016B1CCC4753003F7A0B /* Assets.xcassets in Resources */ = {isa = PBXBuildFile; fileRef = 003C016A1CCC4753003F7A0B /* Assets.xcassets */; };
		003C016F1CCC4753003F7A0B /* Done! Apple Watch.app in Embed Watch Content */ = {isa = PBXBuildFile; fileRef = 003C01481CCC4752003F7A0B /* Done! Apple Watch.app */; };
		003C01781CCC4903003F7A0B /* Media2.xcassets in Resources */ = {isa = PBXBuildFile; fileRef = 003C01771CCC4903003F7A0B /* Media2.xcassets */; };
		0060834D1CC4007500A344F1 /* main.m in Sources */ = {isa = PBXBuildFile; fileRef = 0060834C1CC4007500A344F1 /* main.m */; };
		006083501CC4007500A344F1 /* AppDelegate.m in Sources */ = {isa = PBXBuildFile; fileRef = 0060834F1CC4007500A344F1 /* AppDelegate.m */; };
		006083561CC4007500A344F1 /* Main.storyboard in Resources */ = {isa = PBXBuildFile; fileRef = 006083541CC4007500A344F1 /* Main.storyboard */; };
		006083581CC4007500A344F1 /* Assets.xcassets in Resources */ = {isa = PBXBuildFile; fileRef = 006083571CC4007500A344F1 /* Assets.xcassets */; };
		0060835B1CC4007500A344F1 /* LaunchScreen.storyboard in Resources */ = {isa = PBXBuildFile; fileRef = 006083591CC4007500A344F1 /* LaunchScreen.storyboard */; };
		007334541CCC5144009D8FDC /* StoreKit.framework in Frameworks */ = {isa = PBXBuildFile; fileRef = 007334531CCC5144009D8FDC /* StoreKit.framework */; };
		007334561CCC5488009D8FDC /* Events.m in Sources */ = {isa = PBXBuildFile; fileRef = 2802F8211CC5B7AE00C65966 /* Events.m */; };
		0077C7F41CCBB925005AC462 /* Media1.xcassets in Resources */ = {isa = PBXBuildFile; fileRef = 0077C7F31CCBB925005AC462 /* Media1.xcassets */; };
		0091B29E1CCD3E4F000B50A0 /* WatchConnectivity.framework in Frameworks */ = {isa = PBXBuildFile; fileRef = 0091B29D1CCD3E4F000B50A0 /* WatchConnectivity.framework */; };
		00A4C0A01CCCFD9000F2B63D /* Realm.framework in Frameworks */ = {isa = PBXBuildFile; fileRef = 00AE2E921CCC4E8900FF2D01 /* Realm.framework */; settings = {ATTRIBUTES = (Required, ); }; };
		00A4C0A11CCCFD9000F2B63D /* Realm.framework in Embed Frameworks */ = {isa = PBXBuildFile; fileRef = 00AE2E921CCC4E8900FF2D01 /* Realm.framework */; settings = {ATTRIBUTES = (CodeSignOnCopy, RemoveHeadersOnCopy, ); }; };
		00A4C0A51CCD000B00F2B63D /* Row.m in Sources */ = {isa = PBXBuildFile; fileRef = 00A4C0A41CCD000B00F2B63D /* Row.m */; };
		00A4C0A91CCD008800F2B63D /* TodayEvents.m in Sources */ = {isa = PBXBuildFile; fileRef = 00A4C0A81CCD008800F2B63D /* TodayEvents.m */; };
		00BEC6721CCBC93A008B7862 /* EventsHelper.m in Sources */ = {isa = PBXBuildFile; fileRef = 00BEC6711CCBC93A008B7862 /* EventsHelper.m */; };
		00F48A301CC5193000B94EA4 /* CalendarViewController.m in Sources */ = {isa = PBXBuildFile; fileRef = 00F48A2F1CC5193000B94EA4 /* CalendarViewController.m */; };
		00F48A331CC5194100B94EA4 /* TodoViewController.m in Sources */ = {isa = PBXBuildFile; fileRef = 00F48A321CC5194100B94EA4 /* TodoViewController.m */; };
		00F48A361CC5194A00B94EA4 /* PreferenceViewController.m in Sources */ = {isa = PBXBuildFile; fileRef = 00F48A351CC5194A00B94EA4 /* PreferenceViewController.m */; };
		00FA8A3A1CCD6E5100D56349 /* EventsHelper.m in Sources */ = {isa = PBXBuildFile; fileRef = 00BEC6711CCBC93A008B7862 /* EventsHelper.m */; };
		0411857C4B9D1B17C7F8318A /* libPods-Done! Widgets.a in Frameworks */ = {isa = PBXBuildFile; fileRef = 92DFAD5D9FB595AE315005C9 /* libPods-Done! Widgets.a */; };
		28006A131CC6B41900583D69 /* CustomCell.m in Sources */ = {isa = PBXBuildFile; fileRef = 28006A121CC6B41900583D69 /* CustomCell.m */; };
		2802F8191CC5B5BE00C65966 /* EventTableViewCell.xib in Resources */ = {isa = PBXBuildFile; fileRef = 2802F8181CC5B5BE00C65966 /* EventTableViewCell.xib */; };
		2802F81F1CC5B78800C65966 /* EventTableViewCell.m in Sources */ = {isa = PBXBuildFile; fileRef = 2802F81E1CC5B78800C65966 /* EventTableViewCell.m */; };
		2802F8221CC5B7AE00C65966 /* Events.m in Sources */ = {isa = PBXBuildFile; fileRef = 2802F8211CC5B7AE00C65966 /* Events.m */; };
		2802F82A1CC5B8DA00C65966 /* NormalCell.xib in Resources */ = {isa = PBXBuildFile; fileRef = 2802F8251CC5B8D900C65966 /* NormalCell.xib */; };
		2802F82B1CC5B8DA00C65966 /* TextfieldCell.xib in Resources */ = {isa = PBXBuildFile; fileRef = 2802F8261CC5B8D900C65966 /* TextfieldCell.xib */; };
		2802F82C1CC5B8DA00C65966 /* DatePickerCell.xib in Resources */ = {isa = PBXBuildFile; fileRef = 2802F8271CC5B8D900C65966 /* DatePickerCell.xib */; };
		2802F82D1CC5B8DA00C65966 /* SwitchCell.xib in Resources */ = {isa = PBXBuildFile; fileRef = 2802F8281CC5B8D900C65966 /* SwitchCell.xib */; };
		2802F82E1CC5B8DA00C65966 /* ValuePickerCell.xib in Resources */ = {isa = PBXBuildFile; fileRef = 2802F8291CC5B8D900C65966 /* ValuePickerCell.xib */; };
		2802F8341CC5C2F400C65966 /* CreateNewVC.m in Sources */ = {isa = PBXBuildFile; fileRef = 2802F8331CC5C2F400C65966 /* CreateNewVC.m */; };
		281838BB1CC9B01800D5930E /* NotificationCenter.framework in Frameworks */ = {isa = PBXBuildFile; fileRef = 281838BA1CC9B01800D5930E /* NotificationCenter.framework */; };
		281838BF1CC9B01800D5930E /* TodayViewController.m in Sources */ = {isa = PBXBuildFile; fileRef = 281838BE1CC9B01800D5930E /* TodayViewController.m */; };
		281838C21CC9B01800D5930E /* MainInterface.storyboard in Resources */ = {isa = PBXBuildFile; fileRef = 281838C01CC9B01800D5930E /* MainInterface.storyboard */; };
		281838C61CC9B01800D5930E /* Done! Widgets.appex in Embed App Extensions */ = {isa = PBXBuildFile; fileRef = 281838B91CC9B01800D5930E /* Done! Widgets.appex */; settings = {ATTRIBUTES = (RemoveHeadersOnCopy, ); }; };
		281838D01CC9B46000D5930E /* EventTableViewCell.m in Sources */ = {isa = PBXBuildFile; fileRef = 2802F81E1CC5B78800C65966 /* EventTableViewCell.m */; };
		281838D21CC9B46000D5930E /* Events.m in Sources */ = {isa = PBXBuildFile; fileRef = 2802F8211CC5B7AE00C65966 /* Events.m */; };
		282EAC251CC83A9C00020B88 /* circle-f.png in Resources */ = {isa = PBXBuildFile; fileRef = 282EAC231CC83A9C00020B88 /* circle-f.png */; };
		282EAC261CC83A9C00020B88 /* circle-nf.png in Resources */ = {isa = PBXBuildFile; fileRef = 282EAC241CC83A9C00020B88 /* circle-nf.png */; };
		2864B5181CD1095E009AFBBA /* front-folder.png in Resources */ = {isa = PBXBuildFile; fileRef = 2864B5161CD1095E009AFBBA /* front-folder.png */; };
		2864B5191CD1095E009AFBBA /* back-folder.png in Resources */ = {isa = PBXBuildFile; fileRef = 2864B5171CD1095E009AFBBA /* back-folder.png */; };
		2864B51B1CD12180009AFBBA /* Reveal.framework in Frameworks */ = {isa = PBXBuildFile; fileRef = 2864B51A1CD12180009AFBBA /* Reveal.framework */; };
		2899F5961CC869C500098C30 /* tabBar.png in Resources */ = {isa = PBXBuildFile; fileRef = 2899F5951CC869C500098C30 /* tabBar.png */; };
		28B2003C1CC7C36500A18DFC /* CellDescriptor.plist in Resources */ = {isa = PBXBuildFile; fileRef = 28B2003B1CC7C36500A18DFC /* CellDescriptor.plist */; };
		28BDF7AE1CC8F01900E3F63C /* Media.xcassets in Resources */ = {isa = PBXBuildFile; fileRef = 28BDF7AD1CC8F01900E3F63C /* Media.xcassets */; };
		28BF6F541CD0D4DB00059D7D /* ProjectsViewController.m in Sources */ = {isa = PBXBuildFile; fileRef = 28BF6F531CD0D4DB00059D7D /* ProjectsViewController.m */; };
		28BF6F571CD0D56000059D7D /* ProjectCollectionViewCell.m in Sources */ = {isa = PBXBuildFile; fileRef = 28BF6F561CD0D56000059D7D /* ProjectCollectionViewCell.m */; };
		28BF6F591CD0D58800059D7D /* ProjectCollectionView.xib in Resources */ = {isa = PBXBuildFile; fileRef = 28BF6F581CD0D58800059D7D /* ProjectCollectionView.xib */; };
		28C2DAC11CD02716007441D0 /* TodayViewController.m in Sources */ = {isa = PBXBuildFile; fileRef = 28C2DAC01CD02716007441D0 /* TodayViewController.m */; };
		28E53CFD1CD0411C002DB55F /* left_4.png in Resources */ = {isa = PBXBuildFile; fileRef = 28E53CFC1CD0411C002DB55F /* left_4.png */; };
		28E53CFF1CD045BF002DB55F /* blue-folder.png in Resources */ = {isa = PBXBuildFile; fileRef = 28E53CFE1CD045BF002DB55F /* blue-folder.png */; };
		28E53D021CD04662002DB55F /* Projects.m in Sources */ = {isa = PBXBuildFile; fileRef = 28E53D011CD04662002DB55F /* Projects.m */; };
		28F2449C1CCD9AE9009B981F /* circle-nf.png in Resources */ = {isa = PBXBuildFile; fileRef = 28F2449B1CCD9AE9009B981F /* circle-nf.png */; };
		28F2449D1CCD9AE9009B981F /* circle-nf.png in Resources */ = {isa = PBXBuildFile; fileRef = 28F2449B1CCD9AE9009B981F /* circle-nf.png */; };
		703C5ED27BF76299D46C1559 /* libPods.a in Frameworks */ = {isa = PBXBuildFile; fileRef = FCE0E78F99B8FCC53D66E6D5 /* libPods.a */; };
/* End PBXBuildFile section */

/* Begin PBXContainerItemProxy section */
		003C01561CCC4753003F7A0B /* PBXContainerItemProxy */ = {
			isa = PBXContainerItemProxy;
			containerPortal = 006083401CC4007500A344F1 /* Project object */;
			proxyType = 1;
			remoteGlobalIDString = 003C01531CCC4753003F7A0B;
			remoteInfo = "Done! Apple Watch Extension";
		};
		003C016D1CCC4753003F7A0B /* PBXContainerItemProxy */ = {
			isa = PBXContainerItemProxy;
			containerPortal = 006083401CC4007500A344F1 /* Project object */;
			proxyType = 1;
			remoteGlobalIDString = 003C01471CCC4752003F7A0B;
			remoteInfo = "Done! Apple Watch";
		};
		281838C41CC9B01800D5930E /* PBXContainerItemProxy */ = {
			isa = PBXContainerItemProxy;
			containerPortal = 006083401CC4007500A344F1 /* Project object */;
			proxyType = 1;
			remoteGlobalIDString = 281838B81CC9B01800D5930E;
			remoteInfo = "Done! Widgets";
		};
/* End PBXContainerItemProxy section */

/* Begin PBXCopyFilesBuildPhase section */
		003C01751CCC4753003F7A0B /* Embed App Extensions */ = {
			isa = PBXCopyFilesBuildPhase;
			buildActionMask = 2147483647;
			dstPath = "";
			dstSubfolderSpec = 13;
			files = (
				003C01551CCC4753003F7A0B /* Done! Apple Watch Extension.appex in Embed App Extensions */,
			);
			name = "Embed App Extensions";
			runOnlyForDeploymentPostprocessing = 0;
		};
		00A4C0A21CCCFD9000F2B63D /* Embed Frameworks */ = {
			isa = PBXCopyFilesBuildPhase;
			buildActionMask = 2147483647;
			dstPath = "";
			dstSubfolderSpec = 10;
			files = (
				00A4C0A11CCCFD9000F2B63D /* Realm.framework in Embed Frameworks */,
			);
			name = "Embed Frameworks";
			runOnlyForDeploymentPostprocessing = 0;
		};
		281838CA1CC9B01800D5930E /* Embed App Extensions */ = {
			isa = PBXCopyFilesBuildPhase;
			buildActionMask = 2147483647;
			dstPath = "";
			dstSubfolderSpec = 13;
			files = (
				281838C61CC9B01800D5930E /* Done! Widgets.appex in Embed App Extensions */,
			);
			name = "Embed App Extensions";
			runOnlyForDeploymentPostprocessing = 0;
		};
		28BDF7DA1CC8F03900E3F63C /* Embed Watch Content */ = {
			isa = PBXCopyFilesBuildPhase;
			buildActionMask = 2147483647;
			dstPath = "$(CONTENTS_FOLDER_PATH)/Watch";
			dstSubfolderSpec = 16;
			files = (
				003C016F1CCC4753003F7A0B /* Done! Apple Watch.app in Embed Watch Content */,
			);
			name = "Embed Watch Content";
			runOnlyForDeploymentPostprocessing = 0;
		};
/* End PBXCopyFilesBuildPhase section */

/* Begin PBXFileReference section */
		003C01481CCC4752003F7A0B /* Done! Apple Watch.app */ = {isa = PBXFileReference; explicitFileType = wrapper.application; includeInIndex = 0; path = "Done! Apple Watch.app"; sourceTree = BUILT_PRODUCTS_DIR; };
		003C014B1CCC4752003F7A0B /* Base */ = {isa = PBXFileReference; lastKnownFileType = file.storyboard; name = Base; path = Base.lproj/Interface.storyboard; sourceTree = "<group>"; };
		003C014D1CCC4752003F7A0B /* Assets.xcassets */ = {isa = PBXFileReference; lastKnownFileType = folder.assetcatalog; path = Assets.xcassets; sourceTree = "<group>"; };
		003C014F1CCC4752003F7A0B /* Info.plist */ = {isa = PBXFileReference; lastKnownFileType = text.plist.xml; path = Info.plist; sourceTree = "<group>"; };
		003C01541CCC4753003F7A0B /* Done! Apple Watch Extension.appex */ = {isa = PBXFileReference; explicitFileType = "wrapper.app-extension"; includeInIndex = 0; path = "Done! Apple Watch Extension.appex"; sourceTree = BUILT_PRODUCTS_DIR; };
		003C015A1CCC4753003F7A0B /* PushNotificationPayload.apns */ = {isa = PBXFileReference; lastKnownFileType = text; path = PushNotificationPayload.apns; sourceTree = "<group>"; };
		003C015B1CCC4753003F7A0B /* InterfaceController.h */ = {isa = PBXFileReference; lastKnownFileType = sourcecode.c.h; path = InterfaceController.h; sourceTree = "<group>"; };
		003C015C1CCC4753003F7A0B /* InterfaceController.m */ = {isa = PBXFileReference; lastKnownFileType = sourcecode.c.objc; path = InterfaceController.m; sourceTree = "<group>"; };
		003C015E1CCC4753003F7A0B /* ExtensionDelegate.h */ = {isa = PBXFileReference; lastKnownFileType = sourcecode.c.h; path = ExtensionDelegate.h; sourceTree = "<group>"; };
		003C015F1CCC4753003F7A0B /* ExtensionDelegate.m */ = {isa = PBXFileReference; lastKnownFileType = sourcecode.c.objc; path = ExtensionDelegate.m; sourceTree = "<group>"; };
		003C01611CCC4753003F7A0B /* NotificationController.h */ = {isa = PBXFileReference; lastKnownFileType = sourcecode.c.h; path = NotificationController.h; sourceTree = "<group>"; };
		003C01621CCC4753003F7A0B /* NotificationController.m */ = {isa = PBXFileReference; lastKnownFileType = sourcecode.c.objc; path = NotificationController.m; sourceTree = "<group>"; };
		003C01641CCC4753003F7A0B /* GlanceController.h */ = {isa = PBXFileReference; lastKnownFileType = sourcecode.c.h; path = GlanceController.h; sourceTree = "<group>"; };
		003C01651CCC4753003F7A0B /* GlanceController.m */ = {isa = PBXFileReference; lastKnownFileType = sourcecode.c.objc; path = GlanceController.m; sourceTree = "<group>"; };
		003C01671CCC4753003F7A0B /* ComplicationController.h */ = {isa = PBXFileReference; lastKnownFileType = sourcecode.c.h; path = ComplicationController.h; sourceTree = "<group>"; };
		003C01681CCC4753003F7A0B /* ComplicationController.m */ = {isa = PBXFileReference; lastKnownFileType = sourcecode.c.objc; path = ComplicationController.m; sourceTree = "<group>"; };
		003C016A1CCC4753003F7A0B /* Assets.xcassets */ = {isa = PBXFileReference; lastKnownFileType = folder.assetcatalog; path = Assets.xcassets; sourceTree = "<group>"; };
		003C016C1CCC4753003F7A0B /* Info.plist */ = {isa = PBXFileReference; lastKnownFileType = text.plist.xml; path = Info.plist; sourceTree = "<group>"; };
		003C01771CCC4903003F7A0B /* Media2.xcassets */ = {isa = PBXFileReference; lastKnownFileType = folder.assetcatalog; path = Media2.xcassets; sourceTree = "<group>"; };
		006083481CC4007500A344F1 /* Done!.app */ = {isa = PBXFileReference; explicitFileType = wrapper.application; includeInIndex = 0; path = "Done!.app"; sourceTree = BUILT_PRODUCTS_DIR; };
		0060834C1CC4007500A344F1 /* main.m */ = {isa = PBXFileReference; lastKnownFileType = sourcecode.c.objc; path = main.m; sourceTree = "<group>"; };
		0060834E1CC4007500A344F1 /* AppDelegate.h */ = {isa = PBXFileReference; lastKnownFileType = sourcecode.c.h; path = AppDelegate.h; sourceTree = "<group>"; };
		0060834F1CC4007500A344F1 /* AppDelegate.m */ = {isa = PBXFileReference; lastKnownFileType = sourcecode.c.objc; path = AppDelegate.m; sourceTree = "<group>"; };
		006083551CC4007500A344F1 /* Base */ = {isa = PBXFileReference; lastKnownFileType = file.storyboard; name = Base; path = Base.lproj/Main.storyboard; sourceTree = "<group>"; };
		006083571CC4007500A344F1 /* Assets.xcassets */ = {isa = PBXFileReference; lastKnownFileType = folder.assetcatalog; path = Assets.xcassets; sourceTree = "<group>"; };
		0060835A1CC4007500A344F1 /* Base */ = {isa = PBXFileReference; lastKnownFileType = file.storyboard; name = Base; path = Base.lproj/LaunchScreen.storyboard; sourceTree = "<group>"; };
		0060835C1CC4007500A344F1 /* Info.plist */ = {isa = PBXFileReference; lastKnownFileType = text.plist.xml; path = Info.plist; sourceTree = "<group>"; };
		007334511CCC5128009D8FDC /* Done! Apple Watch Extension.entitlements */ = {isa = PBXFileReference; lastKnownFileType = text.xml; path = "Done! Apple Watch Extension.entitlements"; sourceTree = "<group>"; };
		007334521CCC512B009D8FDC /* Done! Apple Watch.entitlements */ = {isa = PBXFileReference; lastKnownFileType = text.xml; path = "Done! Apple Watch.entitlements"; sourceTree = "<group>"; };
		007334531CCC5144009D8FDC /* StoreKit.framework */ = {isa = PBXFileReference; lastKnownFileType = wrapper.framework; name = StoreKit.framework; path = System/Library/Frameworks/StoreKit.framework; sourceTree = SDKROOT; };
		0077C7F31CCBB925005AC462 /* Media1.xcassets */ = {isa = PBXFileReference; lastKnownFileType = folder.assetcatalog; path = Media1.xcassets; sourceTree = "<group>"; };
		0091B29D1CCD3E4F000B50A0 /* WatchConnectivity.framework */ = {isa = PBXFileReference; lastKnownFileType = wrapper.framework; name = WatchConnectivity.framework; path = System/Library/Frameworks/WatchConnectivity.framework; sourceTree = SDKROOT; };
		00A4C0A31CCD000B00F2B63D /* Row.h */ = {isa = PBXFileReference; fileEncoding = 4; lastKnownFileType = sourcecode.c.h; path = Row.h; sourceTree = "<group>"; };
		00A4C0A41CCD000B00F2B63D /* Row.m */ = {isa = PBXFileReference; fileEncoding = 4; lastKnownFileType = sourcecode.c.objc; path = Row.m; sourceTree = "<group>"; };
		00A4C0A71CCD008800F2B63D /* TodayEvents.h */ = {isa = PBXFileReference; fileEncoding = 4; lastKnownFileType = sourcecode.c.h; path = TodayEvents.h; sourceTree = "<group>"; };
		00A4C0A81CCD008800F2B63D /* TodayEvents.m */ = {isa = PBXFileReference; fileEncoding = 4; lastKnownFileType = sourcecode.c.objc; path = TodayEvents.m; sourceTree = "<group>"; };
		00AE2E921CCC4E8900FF2D01 /* Realm.framework */ = {isa = PBXFileReference; lastKnownFileType = wrapper.framework; path = Realm.framework; sourceTree = "<group>"; };
		00BEC6701CCBC93A008B7862 /* EventsHelper.h */ = {isa = PBXFileReference; fileEncoding = 4; lastKnownFileType = sourcecode.c.h; path = EventsHelper.h; sourceTree = "<group>"; };
		00BEC6711CCBC93A008B7862 /* EventsHelper.m */ = {isa = PBXFileReference; fileEncoding = 4; lastKnownFileType = sourcecode.c.objc; path = EventsHelper.m; sourceTree = "<group>"; };
		00F48A2E1CC5193000B94EA4 /* CalendarViewController.h */ = {isa = PBXFileReference; fileEncoding = 4; lastKnownFileType = sourcecode.c.h; path = CalendarViewController.h; sourceTree = "<group>"; };
		00F48A2F1CC5193000B94EA4 /* CalendarViewController.m */ = {isa = PBXFileReference; fileEncoding = 4; lastKnownFileType = sourcecode.c.objc; path = CalendarViewController.m; sourceTree = "<group>"; };
		00F48A311CC5194100B94EA4 /* TodoViewController.h */ = {isa = PBXFileReference; fileEncoding = 4; lastKnownFileType = sourcecode.c.h; path = TodoViewController.h; sourceTree = "<group>"; };
		00F48A321CC5194100B94EA4 /* TodoViewController.m */ = {isa = PBXFileReference; fileEncoding = 4; lastKnownFileType = sourcecode.c.objc; path = TodoViewController.m; sourceTree = "<group>"; };
		00F48A341CC5194A00B94EA4 /* PreferenceViewController.h */ = {isa = PBXFileReference; fileEncoding = 4; lastKnownFileType = sourcecode.c.h; path = PreferenceViewController.h; sourceTree = "<group>"; };
		00F48A351CC5194A00B94EA4 /* PreferenceViewController.m */ = {isa = PBXFileReference; fileEncoding = 4; lastKnownFileType = sourcecode.c.objc; path = PreferenceViewController.m; sourceTree = "<group>"; };
		0374647BC908E590E8A3680A /* Pods.debug.xcconfig */ = {isa = PBXFileReference; includeInIndex = 1; lastKnownFileType = text.xcconfig; name = Pods.debug.xcconfig; path = "Pods/Target Support Files/Pods/Pods.debug.xcconfig"; sourceTree = "<group>"; };
		28006A111CC6B41900583D69 /* CustomCell.h */ = {isa = PBXFileReference; fileEncoding = 4; lastKnownFileType = sourcecode.c.h; path = CustomCell.h; sourceTree = "<group>"; };
		28006A121CC6B41900583D69 /* CustomCell.m */ = {isa = PBXFileReference; fileEncoding = 4; lastKnownFileType = sourcecode.c.objc; path = CustomCell.m; sourceTree = "<group>"; };
		2802F8181CC5B5BE00C65966 /* EventTableViewCell.xib */ = {isa = PBXFileReference; fileEncoding = 4; lastKnownFileType = file.xib; path = EventTableViewCell.xib; sourceTree = "<group>"; };
		2802F81D1CC5B78800C65966 /* EventTableViewCell.h */ = {isa = PBXFileReference; fileEncoding = 4; lastKnownFileType = sourcecode.c.h; path = EventTableViewCell.h; sourceTree = "<group>"; };
		2802F81E1CC5B78800C65966 /* EventTableViewCell.m */ = {isa = PBXFileReference; fileEncoding = 4; lastKnownFileType = sourcecode.c.objc; path = EventTableViewCell.m; sourceTree = "<group>"; };
		2802F8201CC5B7AE00C65966 /* Events.h */ = {isa = PBXFileReference; fileEncoding = 4; lastKnownFileType = sourcecode.c.h; path = Events.h; sourceTree = "<group>"; };
		2802F8211CC5B7AE00C65966 /* Events.m */ = {isa = PBXFileReference; fileEncoding = 4; lastKnownFileType = sourcecode.c.objc; path = Events.m; sourceTree = "<group>"; };
		2802F8251CC5B8D900C65966 /* NormalCell.xib */ = {isa = PBXFileReference; fileEncoding = 4; lastKnownFileType = file.xib; path = NormalCell.xib; sourceTree = "<group>"; };
		2802F8261CC5B8D900C65966 /* TextfieldCell.xib */ = {isa = PBXFileReference; fileEncoding = 4; lastKnownFileType = file.xib; path = TextfieldCell.xib; sourceTree = "<group>"; };
		2802F8271CC5B8D900C65966 /* DatePickerCell.xib */ = {isa = PBXFileReference; fileEncoding = 4; lastKnownFileType = file.xib; path = DatePickerCell.xib; sourceTree = "<group>"; };
		2802F8281CC5B8D900C65966 /* SwitchCell.xib */ = {isa = PBXFileReference; fileEncoding = 4; lastKnownFileType = file.xib; path = SwitchCell.xib; sourceTree = "<group>"; };
		2802F8291CC5B8D900C65966 /* ValuePickerCell.xib */ = {isa = PBXFileReference; fileEncoding = 4; lastKnownFileType = file.xib; path = ValuePickerCell.xib; sourceTree = "<group>"; };
		2802F8321CC5C2F400C65966 /* CreateNewVC.h */ = {isa = PBXFileReference; fileEncoding = 4; lastKnownFileType = sourcecode.c.h; path = CreateNewVC.h; sourceTree = "<group>"; };
		2802F8331CC5C2F400C65966 /* CreateNewVC.m */ = {isa = PBXFileReference; fileEncoding = 4; lastKnownFileType = sourcecode.c.objc; path = CreateNewVC.m; sourceTree = "<group>"; };
		281838B91CC9B01800D5930E /* Done! Widgets.appex */ = {isa = PBXFileReference; explicitFileType = "wrapper.app-extension"; includeInIndex = 0; path = "Done! Widgets.appex"; sourceTree = BUILT_PRODUCTS_DIR; };
		281838BA1CC9B01800D5930E /* NotificationCenter.framework */ = {isa = PBXFileReference; lastKnownFileType = wrapper.framework; name = NotificationCenter.framework; path = System/Library/Frameworks/NotificationCenter.framework; sourceTree = SDKROOT; };
		281838BD1CC9B01800D5930E /* TodayViewController.h */ = {isa = PBXFileReference; lastKnownFileType = sourcecode.c.h; path = TodayViewController.h; sourceTree = "<group>"; };
		281838BE1CC9B01800D5930E /* TodayViewController.m */ = {isa = PBXFileReference; lastKnownFileType = sourcecode.c.objc; path = TodayViewController.m; sourceTree = "<group>"; };
		281838C11CC9B01800D5930E /* Base */ = {isa = PBXFileReference; lastKnownFileType = file.storyboard; name = Base; path = Base.lproj/MainInterface.storyboard; sourceTree = "<group>"; };
		281838C31CC9B01800D5930E /* Info.plist */ = {isa = PBXFileReference; lastKnownFileType = text.plist.xml; path = Info.plist; sourceTree = "<group>"; };
		282EAC231CC83A9C00020B88 /* circle-f.png */ = {isa = PBXFileReference; lastKnownFileType = image.png; path = "circle-f.png"; sourceTree = "<group>"; };
		282EAC241CC83A9C00020B88 /* circle-nf.png */ = {isa = PBXFileReference; lastKnownFileType = image.png; path = "circle-nf.png"; sourceTree = "<group>"; };
		2864B5161CD1095E009AFBBA /* front-folder.png */ = {isa = PBXFileReference; lastKnownFileType = image.png; path = "front-folder.png"; sourceTree = "<group>"; };
		2864B5171CD1095E009AFBBA /* back-folder.png */ = {isa = PBXFileReference; lastKnownFileType = image.png; path = "back-folder.png"; sourceTree = "<group>"; };
		2864B51A1CD12180009AFBBA /* Reveal.framework */ = {isa = PBXFileReference; lastKnownFileType = wrapper.framework; path = Reveal.framework; sourceTree = "<group>"; };
		2899F5951CC869C500098C30 /* tabBar.png */ = {isa = PBXFileReference; lastKnownFileType = image.png; path = tabBar.png; sourceTree = "<group>"; };
		28AB06A41CCA3F8F0071B16D /* Done!.entitlements */ = {isa = PBXFileReference; lastKnownFileType = text.xml; path = "Done!.entitlements"; sourceTree = "<group>"; };
		28AB06A51CCA3FAC0071B16D /* Done! Widgets.entitlements */ = {isa = PBXFileReference; lastKnownFileType = text.xml; path = "Done! Widgets.entitlements"; sourceTree = "<group>"; };
		28B2003B1CC7C36500A18DFC /* CellDescriptor.plist */ = {isa = PBXFileReference; fileEncoding = 4; lastKnownFileType = text.plist.xml; path = CellDescriptor.plist; sourceTree = "<group>"; };
		28BDF7AD1CC8F01900E3F63C /* Media.xcassets */ = {isa = PBXFileReference; lastKnownFileType = folder.assetcatalog; path = Media.xcassets; sourceTree = "<group>"; };
		28BF6F521CD0D4DB00059D7D /* ProjectsViewController.h */ = {isa = PBXFileReference; fileEncoding = 4; lastKnownFileType = sourcecode.c.h; path = ProjectsViewController.h; sourceTree = "<group>"; };
		28BF6F531CD0D4DB00059D7D /* ProjectsViewController.m */ = {isa = PBXFileReference; fileEncoding = 4; lastKnownFileType = sourcecode.c.objc; path = ProjectsViewController.m; sourceTree = "<group>"; };
		28BF6F551CD0D56000059D7D /* ProjectCollectionViewCell.h */ = {isa = PBXFileReference; fileEncoding = 4; lastKnownFileType = sourcecode.c.h; path = ProjectCollectionViewCell.h; sourceTree = "<group>"; };
		28BF6F561CD0D56000059D7D /* ProjectCollectionViewCell.m */ = {isa = PBXFileReference; fileEncoding = 4; lastKnownFileType = sourcecode.c.objc; path = ProjectCollectionViewCell.m; sourceTree = "<group>"; };
		28BF6F581CD0D58800059D7D /* ProjectCollectionView.xib */ = {isa = PBXFileReference; fileEncoding = 4; lastKnownFileType = file.xib; path = ProjectCollectionView.xib; sourceTree = "<group>"; };
		28C2DABF1CD02716007441D0 /* TodayViewController.h */ = {isa = PBXFileReference; fileEncoding = 4; lastKnownFileType = sourcecode.c.h; path = TodayViewController.h; sourceTree = "<group>"; };
		28C2DAC01CD02716007441D0 /* TodayViewController.m */ = {isa = PBXFileReference; fileEncoding = 4; lastKnownFileType = sourcecode.c.objc; path = TodayViewController.m; sourceTree = "<group>"; };
		28E53CFC1CD0411C002DB55F /* left_4.png */ = {isa = PBXFileReference; lastKnownFileType = image.png; path = left_4.png; sourceTree = "<group>"; };
		28E53CFE1CD045BF002DB55F /* blue-folder.png */ = {isa = PBXFileReference; lastKnownFileType = image.png; path = "blue-folder.png"; sourceTree = "<group>"; };
		28E53D001CD04662002DB55F /* Projects.h */ = {isa = PBXFileReference; fileEncoding = 4; lastKnownFileType = sourcecode.c.h; path = Projects.h; sourceTree = "<group>"; };
		28E53D011CD04662002DB55F /* Projects.m */ = {isa = PBXFileReference; fileEncoding = 4; lastKnownFileType = sourcecode.c.objc; path = Projects.m; sourceTree = "<group>"; };
		28F2449B1CCD9AE9009B981F /* circle-nf.png */ = {isa = PBXFileReference; lastKnownFileType = image.png; path = "circle-nf.png"; sourceTree = "<group>"; };
		3B09F0C3C0C9240336577EF1 /* Pods.release.xcconfig */ = {isa = PBXFileReference; includeInIndex = 1; lastKnownFileType = text.xcconfig; name = Pods.release.xcconfig; path = "Pods/Target Support Files/Pods/Pods.release.xcconfig"; sourceTree = "<group>"; };
		6F8E903195B1322E7ABAA5F2 /* Pods-Done! Widgets.debug.xcconfig */ = {isa = PBXFileReference; includeInIndex = 1; lastKnownFileType = text.xcconfig; name = "Pods-Done! Widgets.debug.xcconfig"; path = "Pods/Target Support Files/Pods-Done! Widgets/Pods-Done! Widgets.debug.xcconfig"; sourceTree = "<group>"; };
		92DFAD5D9FB595AE315005C9 /* libPods-Done! Widgets.a */ = {isa = PBXFileReference; explicitFileType = archive.ar; includeInIndex = 0; path = "libPods-Done! Widgets.a"; sourceTree = BUILT_PRODUCTS_DIR; };
		ED2A56365CB3A8EF3AD5D8FC /* Pods-Done! Widgets.release.xcconfig */ = {isa = PBXFileReference; includeInIndex = 1; lastKnownFileType = text.xcconfig; name = "Pods-Done! Widgets.release.xcconfig"; path = "Pods/Target Support Files/Pods-Done! Widgets/Pods-Done! Widgets.release.xcconfig"; sourceTree = "<group>"; };
		FCE0E78F99B8FCC53D66E6D5 /* libPods.a */ = {isa = PBXFileReference; explicitFileType = archive.ar; includeInIndex = 0; path = libPods.a; sourceTree = BUILT_PRODUCTS_DIR; };
/* End PBXFileReference section */

/* Begin PBXFrameworksBuildPhase section */
		003C01511CCC4753003F7A0B /* Frameworks */ = {
			isa = PBXFrameworksBuildPhase;
			buildActionMask = 2147483647;
			files = (
				00A4C0A01CCCFD9000F2B63D /* Realm.framework in Frameworks */,
			);
			runOnlyForDeploymentPostprocessing = 0;
		};
		006083451CC4007500A344F1 /* Frameworks */ = {
			isa = PBXFrameworksBuildPhase;
			buildActionMask = 2147483647;
			files = (
				0091B29E1CCD3E4F000B50A0 /* WatchConnectivity.framework in Frameworks */,
				703C5ED27BF76299D46C1559 /* libPods.a in Frameworks */,
				007334541CCC5144009D8FDC /* StoreKit.framework in Frameworks */,
				2864B51B1CD12180009AFBBA /* Reveal.framework in Frameworks */,
			);
			runOnlyForDeploymentPostprocessing = 0;
		};
		281838B61CC9B01800D5930E /* Frameworks */ = {
			isa = PBXFrameworksBuildPhase;
			buildActionMask = 2147483647;
			files = (
				281838BB1CC9B01800D5930E /* NotificationCenter.framework in Frameworks */,
				0411857C4B9D1B17C7F8318A /* libPods-Done! Widgets.a in Frameworks */,
			);
			runOnlyForDeploymentPostprocessing = 0;
		};
/* End PBXFrameworksBuildPhase section */

/* Begin PBXGroup section */
		003C01491CCC4752003F7A0B /* Done! Apple Watch */ = {
			isa = PBXGroup;
			children = (
				007334521CCC512B009D8FDC /* Done! Apple Watch.entitlements */,
				003C014A1CCC4752003F7A0B /* Interface.storyboard */,
				003C01771CCC4903003F7A0B /* Media2.xcassets */,
				003C014D1CCC4752003F7A0B /* Assets.xcassets */,
				003C014F1CCC4752003F7A0B /* Info.plist */,
			);
			path = "Done! Apple Watch";
			sourceTree = "<group>";
		};
		003C01581CCC4753003F7A0B /* Done! Apple Watch Extension */ = {
			isa = PBXGroup;
			children = (
				28F2449B1CCD9AE9009B981F /* circle-nf.png */,
				007334511CCC5128009D8FDC /* Done! Apple Watch Extension.entitlements */,
				00A4C0A61CCD001400F2B63D /* Classes */,
				009661061CCC4C8800AC9849 /* Interface Controller */,
				003C01591CCC4753003F7A0B /* Supporting Files */,
			);
			path = "Done! Apple Watch Extension";
			sourceTree = "<group>";
		};
		003C01591CCC4753003F7A0B /* Supporting Files */ = {
			isa = PBXGroup;
			children = (
				003C016A1CCC4753003F7A0B /* Assets.xcassets */,
				003C016C1CCC4753003F7A0B /* Info.plist */,
				003C015A1CCC4753003F7A0B /* PushNotificationPayload.apns */,
			);
			name = "Supporting Files";
			sourceTree = "<group>";
		};
		0060833F1CC4007500A344F1 = {
			isa = PBXGroup;
			children = (
				2864B51A1CD12180009AFBBA /* Reveal.framework */,
				0060834A1CC4007500A344F1 /* Done! */,
				281838BC1CC9B01800D5930E /* Done! Widgets */,
				003C01491CCC4752003F7A0B /* Done! Apple Watch */,
				003C01581CCC4753003F7A0B /* Done! Apple Watch Extension */,
				006083491CC4007500A344F1 /* Products */,
				273EA36A335F7ED548931615 /* Pods */,
				E6E9915F888699DBBD0F4075 /* Frameworks */,
			);
			sourceTree = "<group>";
		};
		006083491CC4007500A344F1 /* Products */ = {
			isa = PBXGroup;
			children = (
				006083481CC4007500A344F1 /* Done!.app */,
				281838B91CC9B01800D5930E /* Done! Widgets.appex */,
				003C01481CCC4752003F7A0B /* Done! Apple Watch.app */,
				003C01541CCC4753003F7A0B /* Done! Apple Watch Extension.appex */,
			);
			name = Products;
			sourceTree = "<group>";
		};
		0060834A1CC4007500A344F1 /* Done! */ = {
			isa = PBXGroup;
			children = (
				0060834E1CC4007500A344F1 /* AppDelegate.h */,
				0060834F1CC4007500A344F1 /* AppDelegate.m */,
				006083541CC4007500A344F1 /* Main.storyboard */,
				2802F8241CC5B7BB00C65966 /* Views */,
				2802F8231CC5B7B200C65966 /* Classes */,
				00F48A371CC5195600B94EA4 /* ViewControllers */,
				00FA8A3B1CCD73E800D56349 /* Media */,
				0060834B1CC4007500A344F1 /* Supporting Files */,
			);
			path = "Done!";
			sourceTree = "<group>";
		};
		0060834B1CC4007500A344F1 /* Supporting Files */ = {
			isa = PBXGroup;
			children = (
				28AB06A41CCA3F8F0071B16D /* Done!.entitlements */,
				006083591CC4007500A344F1 /* LaunchScreen.storyboard */,
				0060835C1CC4007500A344F1 /* Info.plist */,
				28B2003B1CC7C36500A18DFC /* CellDescriptor.plist */,
				0060834C1CC4007500A344F1 /* main.m */,
			);
			name = "Supporting Files";
			sourceTree = "<group>";
		};
		009661061CCC4C8800AC9849 /* Interface Controller */ = {
			isa = PBXGroup;
			children = (
				00A4C0AA1CCD009200F2B63D /* Defaults */,
				003C015B1CCC4753003F7A0B /* InterfaceController.h */,
				003C015C1CCC4753003F7A0B /* InterfaceController.m */,
				00A4C0A71CCD008800F2B63D /* TodayEvents.h */,
				00A4C0A81CCD008800F2B63D /* TodayEvents.m */,
			);
			name = "Interface Controller";
			sourceTree = "<group>";
		};
		00A4C0A61CCD001400F2B63D /* Classes */ = {
			isa = PBXGroup;
			children = (
				003C015E1CCC4753003F7A0B /* ExtensionDelegate.h */,
				003C015F1CCC4753003F7A0B /* ExtensionDelegate.m */,
				00A4C0A31CCD000B00F2B63D /* Row.h */,
				00A4C0A41CCD000B00F2B63D /* Row.m */,
			);
			name = Classes;
			sourceTree = "<group>";
		};
		00A4C0AA1CCD009200F2B63D /* Defaults */ = {
			isa = PBXGroup;
			children = (
				003C01611CCC4753003F7A0B /* NotificationController.h */,
				003C01621CCC4753003F7A0B /* NotificationController.m */,
				003C01641CCC4753003F7A0B /* GlanceController.h */,
				003C01651CCC4753003F7A0B /* GlanceController.m */,
				003C01671CCC4753003F7A0B /* ComplicationController.h */,
				003C01681CCC4753003F7A0B /* ComplicationController.m */,
			);
			name = Defaults;
			sourceTree = "<group>";
		};
		00F48A371CC5195600B94EA4 /* ViewControllers */ = {
			isa = PBXGroup;
			children = (
				00F48A311CC5194100B94EA4 /* TodoViewController.h */,
				00F48A321CC5194100B94EA4 /* TodoViewController.m */,
				28BF6F521CD0D4DB00059D7D /* ProjectsViewController.h */,
				28BF6F531CD0D4DB00059D7D /* ProjectsViewController.m */,
				00F48A2E1CC5193000B94EA4 /* CalendarViewController.h */,
				00F48A2F1CC5193000B94EA4 /* CalendarViewController.m */,
				28C2DABF1CD02716007441D0 /* TodayViewController.h */,
				28C2DAC01CD02716007441D0 /* TodayViewController.m */,
				00F48A341CC5194A00B94EA4 /* PreferenceViewController.h */,
				00F48A351CC5194A00B94EA4 /* PreferenceViewController.m */,
				2802F8321CC5C2F400C65966 /* CreateNewVC.h */,
				2802F8331CC5C2F400C65966 /* CreateNewVC.m */,
			);
			name = ViewControllers;
			sourceTree = "<group>";
		};
		00FA8A3B1CCD73E800D56349 /* Media */ = {
			isa = PBXGroup;
			children = (
				2864B5161CD1095E009AFBBA /* front-folder.png */,
				2864B5171CD1095E009AFBBA /* back-folder.png */,
				006083571CC4007500A344F1 /* Assets.xcassets */,
				0077C7F31CCBB925005AC462 /* Media1.xcassets */,
				28BDF7AD1CC8F01900E3F63C /* Media.xcassets */,
				28E53CFE1CD045BF002DB55F /* blue-folder.png */,
				28E53CFC1CD0411C002DB55F /* left_4.png */,
				282EAC241CC83A9C00020B88 /* circle-nf.png */,
				2899F5951CC869C500098C30 /* tabBar.png */,
				282EAC231CC83A9C00020B88 /* circle-f.png */,
			);
			name = Media;
			sourceTree = "<group>";
		};
		273EA36A335F7ED548931615 /* Pods */ = {
			isa = PBXGroup;
			children = (
				0374647BC908E590E8A3680A /* Pods.debug.xcconfig */,
				3B09F0C3C0C9240336577EF1 /* Pods.release.xcconfig */,
				6F8E903195B1322E7ABAA5F2 /* Pods-Done! Widgets.debug.xcconfig */,
				ED2A56365CB3A8EF3AD5D8FC /* Pods-Done! Widgets.release.xcconfig */,
			);
			name = Pods;
			sourceTree = "<group>";
		};
		2802F8231CC5B7B200C65966 /* Classes */ = {
			isa = PBXGroup;
			children = (
				28006A111CC6B41900583D69 /* CustomCell.h */,
				28006A121CC6B41900583D69 /* CustomCell.m */,
				2802F81D1CC5B78800C65966 /* EventTableViewCell.h */,
				2802F81E1CC5B78800C65966 /* EventTableViewCell.m */,
				28BF6F551CD0D56000059D7D /* ProjectCollectionViewCell.h */,
				28BF6F561CD0D56000059D7D /* ProjectCollectionViewCell.m */,
				2802F8201CC5B7AE00C65966 /* Events.h */,
				2802F8211CC5B7AE00C65966 /* Events.m */,
				28E53D001CD04662002DB55F /* Projects.h */,
				28E53D011CD04662002DB55F /* Projects.m */,
				00BEC6701CCBC93A008B7862 /* EventsHelper.h */,
				00BEC6711CCBC93A008B7862 /* EventsHelper.m */,
			);
			name = Classes;
			sourceTree = "<group>";
		};
		2802F8241CC5B7BB00C65966 /* Views */ = {
			isa = PBXGroup;
			children = (
				2802F8251CC5B8D900C65966 /* NormalCell.xib */,
				2802F8281CC5B8D900C65966 /* SwitchCell.xib */,
				2802F8261CC5B8D900C65966 /* TextfieldCell.xib */,
				2802F8271CC5B8D900C65966 /* DatePickerCell.xib */,
				2802F8291CC5B8D900C65966 /* ValuePickerCell.xib */,
				2802F8181CC5B5BE00C65966 /* EventTableViewCell.xib */,
				28BF6F581CD0D58800059D7D /* ProjectCollectionView.xib */,
			);
			name = Views;
			sourceTree = "<group>";
		};
		281838BC1CC9B01800D5930E /* Done! Widgets */ = {
			isa = PBXGroup;
			children = (
				28AB06A51CCA3FAC0071B16D /* Done! Widgets.entitlements */,
				281838BD1CC9B01800D5930E /* TodayViewController.h */,
				281838BE1CC9B01800D5930E /* TodayViewController.m */,
				281838C01CC9B01800D5930E /* MainInterface.storyboard */,
				281838C31CC9B01800D5930E /* Info.plist */,
			);
			path = "Done! Widgets";
			sourceTree = "<group>";
		};
		E6E9915F888699DBBD0F4075 /* Frameworks */ = {
			isa = PBXGroup;
			children = (
				0091B29D1CCD3E4F000B50A0 /* WatchConnectivity.framework */,
				007334531CCC5144009D8FDC /* StoreKit.framework */,
				00AE2E921CCC4E8900FF2D01 /* Realm.framework */,
				FCE0E78F99B8FCC53D66E6D5 /* libPods.a */,
				281838BA1CC9B01800D5930E /* NotificationCenter.framework */,
				92DFAD5D9FB595AE315005C9 /* libPods-Done! Widgets.a */,
			);
			name = Frameworks;
			sourceTree = "<group>";
		};
/* End PBXGroup section */

/* Begin PBXNativeTarget section */
		003C01471CCC4752003F7A0B /* Done! Apple Watch */ = {
			isa = PBXNativeTarget;
			buildConfigurationList = 003C01761CCC4753003F7A0B /* Build configuration list for PBXNativeTarget "Done! Apple Watch" */;
			buildPhases = (
				003C01461CCC4752003F7A0B /* Resources */,
				003C01751CCC4753003F7A0B /* Embed App Extensions */,
			);
			buildRules = (
			);
			dependencies = (
				003C01571CCC4753003F7A0B /* PBXTargetDependency */,
			);
			name = "Done! Apple Watch";
			productName = "Done! Apple Watch";
			productReference = 003C01481CCC4752003F7A0B /* Done! Apple Watch.app */;
			productType = "com.apple.product-type.application.watchapp2";
		};
		003C01531CCC4753003F7A0B /* Done! Apple Watch Extension */ = {
			isa = PBXNativeTarget;
			buildConfigurationList = 003C01741CCC4753003F7A0B /* Build configuration list for PBXNativeTarget "Done! Apple Watch Extension" */;
			buildPhases = (
				003C01501CCC4753003F7A0B /* Sources */,
				003C01511CCC4753003F7A0B /* Frameworks */,
				003C01521CCC4753003F7A0B /* Resources */,
				00A4C0A21CCCFD9000F2B63D /* Embed Frameworks */,
			);
			buildRules = (
			);
			dependencies = (
			);
			name = "Done! Apple Watch Extension";
			productName = "Done! Apple Watch Extension";
			productReference = 003C01541CCC4753003F7A0B /* Done! Apple Watch Extension.appex */;
			productType = "com.apple.product-type.watchkit2-extension";
		};
		006083471CC4007500A344F1 /* Done! */ = {
			isa = PBXNativeTarget;
			buildConfigurationList = 006083751CC4007500A344F1 /* Build configuration list for PBXNativeTarget "Done!" */;
			buildPhases = (
				A1C77678CD19E212B94BCA90 /* Check Pods Manifest.lock */,
				006083441CC4007500A344F1 /* Sources */,
				006083451CC4007500A344F1 /* Frameworks */,
				006083461CC4007500A344F1 /* Resources */,
				F52EF59232716A5CB3ABA444 /* Embed Pods Frameworks */,
				1B5297204908980F1B0B1BCF /* Copy Pods Resources */,
				28BDF7DA1CC8F03900E3F63C /* Embed Watch Content */,
				281838CA1CC9B01800D5930E /* Embed App Extensions */,
			);
			buildRules = (
			);
			dependencies = (
				281838C51CC9B01800D5930E /* PBXTargetDependency */,
				003C016E1CCC4753003F7A0B /* PBXTargetDependency */,
			);
			name = "Done!";
			productName = "Done!";
			productReference = 006083481CC4007500A344F1 /* Done!.app */;
			productType = "com.apple.product-type.application";
		};
		281838B81CC9B01800D5930E /* Done! Widgets */ = {
			isa = PBXNativeTarget;
			buildConfigurationList = 281838C91CC9B01800D5930E /* Build configuration list for PBXNativeTarget "Done! Widgets" */;
			buildPhases = (
				34F1F19EE2C6AB094F0B2BF4 /* Check Pods Manifest.lock */,
				281838B51CC9B01800D5930E /* Sources */,
				281838B61CC9B01800D5930E /* Frameworks */,
				281838B71CC9B01800D5930E /* Resources */,
				B43A62B7666809EFF5998531 /* Embed Pods Frameworks */,
				9B5BDD9754A736BB0B7A48A6 /* Copy Pods Resources */,
			);
			buildRules = (
			);
			dependencies = (
			);
			name = "Done! Widgets";
			productName = "Done! Widgets";
			productReference = 281838B91CC9B01800D5930E /* Done! Widgets.appex */;
			productType = "com.apple.product-type.app-extension";
		};
/* End PBXNativeTarget section */

/* Begin PBXProject section */
		006083401CC4007500A344F1 /* Project object */ = {
			isa = PBXProject;
			attributes = {
				LastUpgradeCheck = 0730;
				ORGANIZATIONNAME = "Yongyang Nie";
				TargetAttributes = {
					003C01471CCC4752003F7A0B = {
						CreatedOnToolsVersion = 7.3;
						DevelopmentTeam = 8NZ8K5GNH8;
						SystemCapabilities = {
							com.apple.ApplicationGroups.iOS = {
								enabled = 1;
							};
						};
					};
					003C01531CCC4753003F7A0B = {
						CreatedOnToolsVersion = 7.3;
						DevelopmentTeam = 8NZ8K5GNH8;
						SystemCapabilities = {
							com.apple.ApplicationGroups.iOS = {
								enabled = 1;
							};
						};
					};
					006083471CC4007500A344F1 = {
						CreatedOnToolsVersion = 7.3;
						DevelopmentTeam = 8NZ8K5GNH8;
						SystemCapabilities = {
							com.apple.ApplicationGroups.iOS = {
								enabled = 1;
							};
							com.apple.InAppPurchase = {
								enabled = 1;
							};
							com.apple.Push = {
								enabled = 1;
							};
						};
					};
					281838B81CC9B01800D5930E = {
						CreatedOnToolsVersion = 7.3;
						DevelopmentTeam = 8NZ8K5GNH8;
						SystemCapabilities = {
							com.apple.ApplicationGroups.iOS = {
								enabled = 1;
							};
						};
					};
				};
			};
			buildConfigurationList = 006083431CC4007500A344F1 /* Build configuration list for PBXProject "Done!" */;
			compatibilityVersion = "Xcode 3.2";
			developmentRegion = English;
			hasScannedForEncodings = 0;
			knownRegions = (
				en,
				Base,
			);
			mainGroup = 0060833F1CC4007500A344F1;
			productRefGroup = 006083491CC4007500A344F1 /* Products */;
			projectDirPath = "";
			projectRoot = "";
			targets = (
				006083471CC4007500A344F1 /* Done! */,
				281838B81CC9B01800D5930E /* Done! Widgets */,
				003C01471CCC4752003F7A0B /* Done! Apple Watch */,
				003C01531CCC4753003F7A0B /* Done! Apple Watch Extension */,
			);
		};
/* End PBXProject section */

/* Begin PBXResourcesBuildPhase section */
		003C01461CCC4752003F7A0B /* Resources */ = {
			isa = PBXResourcesBuildPhase;
			buildActionMask = 2147483647;
			files = (
				003C014E1CCC4752003F7A0B /* Assets.xcassets in Resources */,
				003C01781CCC4903003F7A0B /* Media2.xcassets in Resources */,
				003C014C1CCC4752003F7A0B /* Interface.storyboard in Resources */,
				28F2449C1CCD9AE9009B981F /* circle-nf.png in Resources */,
			);
			runOnlyForDeploymentPostprocessing = 0;
		};
		003C01521CCC4753003F7A0B /* Resources */ = {
			isa = PBXResourcesBuildPhase;
			buildActionMask = 2147483647;
			files = (
				003C016B1CCC4753003F7A0B /* Assets.xcassets in Resources */,
				28F2449D1CCD9AE9009B981F /* circle-nf.png in Resources */,
			);
			runOnlyForDeploymentPostprocessing = 0;
		};
		006083461CC4007500A344F1 /* Resources */ = {
			isa = PBXResourcesBuildPhase;
			buildActionMask = 2147483647;
			files = (
				2802F8191CC5B5BE00C65966 /* EventTableViewCell.xib in Resources */,
				282EAC251CC83A9C00020B88 /* circle-f.png in Resources */,
				28E53CFF1CD045BF002DB55F /* blue-folder.png in Resources */,
				28BF6F591CD0D58800059D7D /* ProjectCollectionView.xib in Resources */,
				2864B5191CD1095E009AFBBA /* back-folder.png in Resources */,
				28BDF7AE1CC8F01900E3F63C /* Media.xcassets in Resources */,
				28B2003C1CC7C36500A18DFC /* CellDescriptor.plist in Resources */,
				2802F82D1CC5B8DA00C65966 /* SwitchCell.xib in Resources */,
				2802F82B1CC5B8DA00C65966 /* TextfieldCell.xib in Resources */,
				0060835B1CC4007500A344F1 /* LaunchScreen.storyboard in Resources */,
				2802F82C1CC5B8DA00C65966 /* DatePickerCell.xib in Resources */,
				282EAC261CC83A9C00020B88 /* circle-nf.png in Resources */,
				006083581CC4007500A344F1 /* Assets.xcassets in Resources */,
				2802F82E1CC5B8DA00C65966 /* ValuePickerCell.xib in Resources */,
				2899F5961CC869C500098C30 /* tabBar.png in Resources */,
				0077C7F41CCBB925005AC462 /* Media1.xcassets in Resources */,
				006083561CC4007500A344F1 /* Main.storyboard in Resources */,
				28E53CFD1CD0411C002DB55F /* left_4.png in Resources */,
				2864B5181CD1095E009AFBBA /* front-folder.png in Resources */,
				2802F82A1CC5B8DA00C65966 /* NormalCell.xib in Resources */,
			);
			runOnlyForDeploymentPostprocessing = 0;
		};
		281838B71CC9B01800D5930E /* Resources */ = {
			isa = PBXResourcesBuildPhase;
			buildActionMask = 2147483647;
			files = (
				281838C21CC9B01800D5930E /* MainInterface.storyboard in Resources */,
			);
			runOnlyForDeploymentPostprocessing = 0;
		};
/* End PBXResourcesBuildPhase section */

/* Begin PBXShellScriptBuildPhase section */
		1B5297204908980F1B0B1BCF /* Copy Pods Resources */ = {
			isa = PBXShellScriptBuildPhase;
			buildActionMask = 2147483647;
			files = (
			);
			inputPaths = (
			);
			name = "Copy Pods Resources";
			outputPaths = (
			);
			runOnlyForDeploymentPostprocessing = 0;
			shellPath = /bin/sh;
			shellScript = "\"${SRCROOT}/Pods/Target Support Files/Pods/Pods-resources.sh\"\n";
			showEnvVarsInLog = 0;
		};
		34F1F19EE2C6AB094F0B2BF4 /* Check Pods Manifest.lock */ = {
			isa = PBXShellScriptBuildPhase;
			buildActionMask = 2147483647;
			files = (
			);
			inputPaths = (
			);
			name = "Check Pods Manifest.lock";
			outputPaths = (
			);
			runOnlyForDeploymentPostprocessing = 0;
			shellPath = /bin/sh;
			shellScript = "diff \"${PODS_ROOT}/../Podfile.lock\" \"${PODS_ROOT}/Manifest.lock\" > /dev/null\nif [[ $? != 0 ]] ; then\n    cat << EOM\nerror: The sandbox is not in sync with the Podfile.lock. Run 'pod install' or update your CocoaPods installation.\nEOM\n    exit 1\nfi\n";
			showEnvVarsInLog = 0;
		};
		9B5BDD9754A736BB0B7A48A6 /* Copy Pods Resources */ = {
			isa = PBXShellScriptBuildPhase;
			buildActionMask = 2147483647;
			files = (
			);
			inputPaths = (
			);
			name = "Copy Pods Resources";
			outputPaths = (
			);
			runOnlyForDeploymentPostprocessing = 0;
			shellPath = /bin/sh;
			shellScript = "\"${SRCROOT}/Pods/Target Support Files/Pods-Done! Widgets/Pods-Done! Widgets-resources.sh\"\n";
			showEnvVarsInLog = 0;
		};
		A1C77678CD19E212B94BCA90 /* Check Pods Manifest.lock */ = {
			isa = PBXShellScriptBuildPhase;
			buildActionMask = 2147483647;
			files = (
			);
			inputPaths = (
			);
			name = "Check Pods Manifest.lock";
			outputPaths = (
			);
			runOnlyForDeploymentPostprocessing = 0;
			shellPath = /bin/sh;
			shellScript = "diff \"${PODS_ROOT}/../Podfile.lock\" \"${PODS_ROOT}/Manifest.lock\" > /dev/null\nif [[ $? != 0 ]] ; then\n    cat << EOM\nerror: The sandbox is not in sync with the Podfile.lock. Run 'pod install' or update your CocoaPods installation.\nEOM\n    exit 1\nfi\n";
			showEnvVarsInLog = 0;
		};
		B43A62B7666809EFF5998531 /* Embed Pods Frameworks */ = {
			isa = PBXShellScriptBuildPhase;
			buildActionMask = 2147483647;
			files = (
			);
			inputPaths = (
			);
			name = "Embed Pods Frameworks";
			outputPaths = (
			);
			runOnlyForDeploymentPostprocessing = 0;
			shellPath = /bin/sh;
			shellScript = "\"${SRCROOT}/Pods/Target Support Files/Pods-Done! Widgets/Pods-Done! Widgets-frameworks.sh\"\n";
			showEnvVarsInLog = 0;
		};
		F52EF59232716A5CB3ABA444 /* Embed Pods Frameworks */ = {
			isa = PBXShellScriptBuildPhase;
			buildActionMask = 2147483647;
			files = (
			);
			inputPaths = (
			);
			name = "Embed Pods Frameworks";
			outputPaths = (
			);
			runOnlyForDeploymentPostprocessing = 0;
			shellPath = /bin/sh;
			shellScript = "\"${SRCROOT}/Pods/Target Support Files/Pods/Pods-frameworks.sh\"\n";
			showEnvVarsInLog = 0;
		};
/* End PBXShellScriptBuildPhase section */

/* Begin PBXSourcesBuildPhase section */
		003C01501CCC4753003F7A0B /* Sources */ = {
			isa = PBXSourcesBuildPhase;
			buildActionMask = 2147483647;
			files = (
				00FA8A3A1CCD6E5100D56349 /* EventsHelper.m in Sources */,
				007334561CCC5488009D8FDC /* Events.m in Sources */,
				003C01601CCC4753003F7A0B /* ExtensionDelegate.m in Sources */,
				003C015D1CCC4753003F7A0B /* InterfaceController.m in Sources */,
				00A4C0A51CCD000B00F2B63D /* Row.m in Sources */,
				003C01631CCC4753003F7A0B /* NotificationController.m in Sources */,
				003C01661CCC4753003F7A0B /* GlanceController.m in Sources */,
				003C01691CCC4753003F7A0B /* ComplicationController.m in Sources */,
				00A4C0A91CCD008800F2B63D /* TodayEvents.m in Sources */,
			);
			runOnlyForDeploymentPostprocessing = 0;
		};
		006083441CC4007500A344F1 /* Sources */ = {
			isa = PBXSourcesBuildPhase;
			buildActionMask = 2147483647;
			files = (
				00BEC6721CCBC93A008B7862 /* EventsHelper.m in Sources */,
				00F48A301CC5193000B94EA4 /* CalendarViewController.m in Sources */,
				2802F8221CC5B7AE00C65966 /* Events.m in Sources */,
				28C2DAC11CD02716007441D0 /* TodayViewController.m in Sources */,
				28BF6F571CD0D56000059D7D /* ProjectCollectionViewCell.m in Sources */,
				2802F8341CC5C2F400C65966 /* CreateNewVC.m in Sources */,
				28BF6F541CD0D4DB00059D7D /* ProjectsViewController.m in Sources */,
				006083501CC4007500A344F1 /* AppDelegate.m in Sources */,
				2802F81F1CC5B78800C65966 /* EventTableViewCell.m in Sources */,
				00F48A361CC5194A00B94EA4 /* PreferenceViewController.m in Sources */,
				00F48A331CC5194100B94EA4 /* TodoViewController.m in Sources */,
				0060834D1CC4007500A344F1 /* main.m in Sources */,
				28006A131CC6B41900583D69 /* CustomCell.m in Sources */,
				28E53D021CD04662002DB55F /* Projects.m in Sources */,
			);
			runOnlyForDeploymentPostprocessing = 0;
		};
		281838B51CC9B01800D5930E /* Sources */ = {
			isa = PBXSourcesBuildPhase;
			buildActionMask = 2147483647;
			files = (
				281838D01CC9B46000D5930E /* EventTableViewCell.m in Sources */,
				281838D21CC9B46000D5930E /* Events.m in Sources */,
				281838BF1CC9B01800D5930E /* TodayViewController.m in Sources */,
			);
			runOnlyForDeploymentPostprocessing = 0;
		};
/* End PBXSourcesBuildPhase section */

/* Begin PBXTargetDependency section */
		003C01571CCC4753003F7A0B /* PBXTargetDependency */ = {
			isa = PBXTargetDependency;
			target = 003C01531CCC4753003F7A0B /* Done! Apple Watch Extension */;
			targetProxy = 003C01561CCC4753003F7A0B /* PBXContainerItemProxy */;
		};
		003C016E1CCC4753003F7A0B /* PBXTargetDependency */ = {
			isa = PBXTargetDependency;
			target = 003C01471CCC4752003F7A0B /* Done! Apple Watch */;
			targetProxy = 003C016D1CCC4753003F7A0B /* PBXContainerItemProxy */;
		};
		281838C51CC9B01800D5930E /* PBXTargetDependency */ = {
			isa = PBXTargetDependency;
			target = 281838B81CC9B01800D5930E /* Done! Widgets */;
			targetProxy = 281838C41CC9B01800D5930E /* PBXContainerItemProxy */;
		};
/* End PBXTargetDependency section */

/* Begin PBXVariantGroup section */
		003C014A1CCC4752003F7A0B /* Interface.storyboard */ = {
			isa = PBXVariantGroup;
			children = (
				003C014B1CCC4752003F7A0B /* Base */,
			);
			name = Interface.storyboard;
			sourceTree = "<group>";
		};
		006083541CC4007500A344F1 /* Main.storyboard */ = {
			isa = PBXVariantGroup;
			children = (
				006083551CC4007500A344F1 /* Base */,
			);
			name = Main.storyboard;
			sourceTree = "<group>";
		};
		006083591CC4007500A344F1 /* LaunchScreen.storyboard */ = {
			isa = PBXVariantGroup;
			children = (
				0060835A1CC4007500A344F1 /* Base */,
			);
			name = LaunchScreen.storyboard;
			sourceTree = "<group>";
		};
		281838C01CC9B01800D5930E /* MainInterface.storyboard */ = {
			isa = PBXVariantGroup;
			children = (
				281838C11CC9B01800D5930E /* Base */,
			);
			name = MainInterface.storyboard;
			sourceTree = "<group>";
		};
/* End PBXVariantGroup section */

/* Begin XCBuildConfiguration section */
		003C01701CCC4753003F7A0B /* Debug */ = {
			isa = XCBuildConfiguration;
			buildSettings = {
				ASSETCATALOG_COMPILER_APPICON_NAME = "App Icon";
				CODE_SIGN_ENTITLEMENTS = "Done! Apple Watch/Done! Apple Watch.entitlements";
				CODE_SIGN_IDENTITY = "iPhone Developer";
				GCC_NO_COMMON_BLOCKS = NO;
				IBSC_MODULE = Done__Apple_Watch_Extension;
				INFOPLIST_FILE = "Done! Apple Watch/Info.plist";
				PRODUCT_BUNDLE_IDENTIFIER = com.yongyang.done.watchkitapp;
				PRODUCT_NAME = "$(TARGET_NAME)";
				SDKROOT = watchos;
				SKIP_INSTALL = YES;
				TARGETED_DEVICE_FAMILY = 4;
				WATCHOS_DEPLOYMENT_TARGET = 2.2;
			};
			name = Debug;
		};
		003C01711CCC4753003F7A0B /* Release */ = {
			isa = XCBuildConfiguration;
			buildSettings = {
				ASSETCATALOG_COMPILER_APPICON_NAME = "App Icon";
				CODE_SIGN_ENTITLEMENTS = "Done! Apple Watch/Done! Apple Watch.entitlements";
				CODE_SIGN_IDENTITY = "iPhone Developer";
				GCC_NO_COMMON_BLOCKS = NO;
				IBSC_MODULE = Done__Apple_Watch_Extension;
				INFOPLIST_FILE = "Done! Apple Watch/Info.plist";
				PRODUCT_BUNDLE_IDENTIFIER = com.yongyang.done.watchkitapp;
				PRODUCT_NAME = "$(TARGET_NAME)";
				SDKROOT = watchos;
				SKIP_INSTALL = YES;
				TARGETED_DEVICE_FAMILY = 4;
				WATCHOS_DEPLOYMENT_TARGET = 2.2;
			};
			name = Release;
		};
		003C01721CCC4753003F7A0B /* Debug */ = {
			isa = XCBuildConfiguration;
			buildSettings = {
				ASSETCATALOG_COMPILER_COMPLICATION_NAME = Complication;
				CODE_SIGN_ENTITLEMENTS = "Done! Apple Watch Extension/Done! Apple Watch Extension.entitlements";
				CODE_SIGN_IDENTITY = "iPhone Developer";
				FRAMEWORK_SEARCH_PATHS = (
					"$(inherited)",
					"$(PROJECT_DIR)",
				);
				GCC_NO_COMMON_BLOCKS = NO;
				INFOPLIST_FILE = "Done! Apple Watch Extension/Info.plist";
				LD_RUNPATH_SEARCH_PATHS = "$(inherited) @executable_path/Frameworks @executable_path/../../Frameworks \"$(SRCROOT)/../../../../../../../Downloads/realm-objc-0.99.0/ios/dynamic/xcode-7/Realm.framework\"";
				PRODUCT_BUNDLE_IDENTIFIER = com.yongyang.done.watchkitapp.watchkitextension;
				PRODUCT_NAME = "${TARGET_NAME}";
				SDKROOT = watchos;
				SKIP_INSTALL = YES;
				TARGETED_DEVICE_FAMILY = 4;
				WATCHOS_DEPLOYMENT_TARGET = 2.2;
			};
			name = Debug;
		};
		003C01731CCC4753003F7A0B /* Release */ = {
			isa = XCBuildConfiguration;
			buildSettings = {
				ASSETCATALOG_COMPILER_COMPLICATION_NAME = Complication;
				CODE_SIGN_ENTITLEMENTS = "Done! Apple Watch Extension/Done! Apple Watch Extension.entitlements";
				CODE_SIGN_IDENTITY = "iPhone Developer";
				FRAMEWORK_SEARCH_PATHS = (
					"$(inherited)",
					"$(PROJECT_DIR)",
				);
				GCC_NO_COMMON_BLOCKS = NO;
				INFOPLIST_FILE = "Done! Apple Watch Extension/Info.plist";
				LD_RUNPATH_SEARCH_PATHS = "$(inherited) @executable_path/Frameworks @executable_path/../../Frameworks \"$(SRCROOT)/../../../../../../../Downloads/realm-objc-0.99.0/ios/dynamic/xcode-7/Realm.framework\"";
				PRODUCT_BUNDLE_IDENTIFIER = com.yongyang.done.watchkitapp.watchkitextension;
				PRODUCT_NAME = "${TARGET_NAME}";
				SDKROOT = watchos;
				SKIP_INSTALL = YES;
				TARGETED_DEVICE_FAMILY = 4;
				WATCHOS_DEPLOYMENT_TARGET = 2.2;
			};
			name = Release;
		};
		006083731CC4007500A344F1 /* Debug */ = {
			isa = XCBuildConfiguration;
			buildSettings = {
				ALWAYS_SEARCH_USER_PATHS = NO;
				CLANG_ANALYZER_NONNULL = YES;
				CLANG_CXX_LANGUAGE_STANDARD = "gnu++0x";
				CLANG_CXX_LIBRARY = "libc++";
				CLANG_ENABLE_MODULES = YES;
				CLANG_ENABLE_OBJC_ARC = YES;
				CLANG_WARN_BOOL_CONVERSION = YES;
				CLANG_WARN_CONSTANT_CONVERSION = YES;
				CLANG_WARN_DIRECT_OBJC_ISA_USAGE = YES_ERROR;
				CLANG_WARN_EMPTY_BODY = YES;
				CLANG_WARN_ENUM_CONVERSION = YES;
				CLANG_WARN_INT_CONVERSION = YES;
				CLANG_WARN_OBJC_ROOT_CLASS = YES_ERROR;
				CLANG_WARN_UNREACHABLE_CODE = YES;
				CLANG_WARN__DUPLICATE_METHOD_MATCH = YES;
				"CODE_SIGN_IDENTITY[sdk=iphoneos*]" = "iPhone Developer";
				COPY_PHASE_STRIP = NO;
				DEBUG_INFORMATION_FORMAT = dwarf;
				ENABLE_STRICT_OBJC_MSGSEND = YES;
				ENABLE_TESTABILITY = YES;
				GCC_C_LANGUAGE_STANDARD = gnu99;
				GCC_DYNAMIC_NO_PIC = NO;
				GCC_NO_COMMON_BLOCKS = YES;
				GCC_OPTIMIZATION_LEVEL = 0;
				GCC_PREPROCESSOR_DEFINITIONS = (
					"DEBUG=1",
					"$(inherited)",
				);
				GCC_WARN_64_TO_32_BIT_CONVERSION = YES;
				GCC_WARN_ABOUT_RETURN_TYPE = YES_ERROR;
				GCC_WARN_UNDECLARED_SELECTOR = YES;
				GCC_WARN_UNINITIALIZED_AUTOS = YES_AGGRESSIVE;
				GCC_WARN_UNUSED_FUNCTION = YES;
				GCC_WARN_UNUSED_VARIABLE = YES;
				IPHONEOS_DEPLOYMENT_TARGET = 9.3;
				MTL_ENABLE_DEBUG_INFO = YES;
				ONLY_ACTIVE_ARCH = YES;
				SDKROOT = iphoneos;
				TARGETED_DEVICE_FAMILY = "1,2";
			};
			name = Debug;
		};
		006083741CC4007500A344F1 /* Release */ = {
			isa = XCBuildConfiguration;
			buildSettings = {
				ALWAYS_SEARCH_USER_PATHS = NO;
				CLANG_ANALYZER_NONNULL = YES;
				CLANG_CXX_LANGUAGE_STANDARD = "gnu++0x";
				CLANG_CXX_LIBRARY = "libc++";
				CLANG_ENABLE_MODULES = YES;
				CLANG_ENABLE_OBJC_ARC = YES;
				CLANG_WARN_BOOL_CONVERSION = YES;
				CLANG_WARN_CONSTANT_CONVERSION = YES;
				CLANG_WARN_DIRECT_OBJC_ISA_USAGE = YES_ERROR;
				CLANG_WARN_EMPTY_BODY = YES;
				CLANG_WARN_ENUM_CONVERSION = YES;
				CLANG_WARN_INT_CONVERSION = YES;
				CLANG_WARN_OBJC_ROOT_CLASS = YES_ERROR;
				CLANG_WARN_UNREACHABLE_CODE = YES;
				CLANG_WARN__DUPLICATE_METHOD_MATCH = YES;
				"CODE_SIGN_IDENTITY[sdk=iphoneos*]" = "iPhone Developer";
				COPY_PHASE_STRIP = NO;
				DEBUG_INFORMATION_FORMAT = "dwarf-with-dsym";
				ENABLE_NS_ASSERTIONS = NO;
				ENABLE_STRICT_OBJC_MSGSEND = YES;
				GCC_C_LANGUAGE_STANDARD = gnu99;
				GCC_NO_COMMON_BLOCKS = YES;
				GCC_WARN_64_TO_32_BIT_CONVERSION = YES;
				GCC_WARN_ABOUT_RETURN_TYPE = YES_ERROR;
				GCC_WARN_UNDECLARED_SELECTOR = YES;
				GCC_WARN_UNINITIALIZED_AUTOS = YES_AGGRESSIVE;
				GCC_WARN_UNUSED_FUNCTION = YES;
				GCC_WARN_UNUSED_VARIABLE = YES;
				IPHONEOS_DEPLOYMENT_TARGET = 9.3;
				MTL_ENABLE_DEBUG_INFO = NO;
				SDKROOT = iphoneos;
				TARGETED_DEVICE_FAMILY = "1,2";
				VALIDATE_PRODUCT = YES;
			};
			name = Release;
		};
		006083761CC4007500A344F1 /* Debug */ = {
			isa = XCBuildConfiguration;
			baseConfigurationReference = 0374647BC908E590E8A3680A /* Pods.debug.xcconfig */;
			buildSettings = {
				ASSETCATALOG_COMPILER_APPICON_NAME = "App Icon";
				CODE_SIGN_ENTITLEMENTS = "Done!/Done!.entitlements";
				CODE_SIGN_IDENTITY = "iPhone Developer";
				FRAMEWORK_SEARCH_PATHS = (
					"$(inherited)",
					"$(PROJECT_DIR)",
				);
				GCC_NO_COMMON_BLOCKS = NO;
				INFOPLIST_FILE = "Done!/Info.plist";
				IPHONEOS_DEPLOYMENT_TARGET = 9.0;
				LD_RUNPATH_SEARCH_PATHS = "$(inherited) @executable_path/Frameworks";
				LIBRARY_SEARCH_PATHS = (
					"$(inherited)",
					"\"${PODS_ROOT}/Google/Libraries\"",
					"$(inherited)",
					"\"${PODS_ROOT}/GoogleAnalytics/Libraries\"",
					"$(inherited)",
					"\"${PODS_ROOT}/GoogleInterchangeUtilities/Libraries\"",
					"$(inherited)",
					"\"${PODS_ROOT}/GoogleNetworkingUtilities/Libraries\"",
					"$(inherited)",
					"\"${PODS_ROOT}/GoogleSymbolUtilities/Libraries\"",
					"$(inherited)",
					"\"${PODS_ROOT}/GoogleUtilities/Libraries\"",
					"$(inherited)",
					"\"${PODS_ROOT}/Realm/core\"",
					"$(inherited)",
					"\"${PODS_ROOT}/Realm/core\"",
				);
				PRODUCT_BUNDLE_IDENTIFIER = com.yongyang.Done;
				PRODUCT_NAME = "$(TARGET_NAME)";
			};
			name = Debug;
		};
		006083771CC4007500A344F1 /* Release */ = {
			isa = XCBuildConfiguration;
			baseConfigurationReference = 3B09F0C3C0C9240336577EF1 /* Pods.release.xcconfig */;
			buildSettings = {
				ASSETCATALOG_COMPILER_APPICON_NAME = "App Icon";
				CODE_SIGN_ENTITLEMENTS = "Done!/Done!.entitlements";
				CODE_SIGN_IDENTITY = "iPhone Developer";
				FRAMEWORK_SEARCH_PATHS = (
					"$(inherited)",
					"$(PROJECT_DIR)",
				);
				GCC_NO_COMMON_BLOCKS = NO;
				INFOPLIST_FILE = "Done!/Info.plist";
				IPHONEOS_DEPLOYMENT_TARGET = 9.0;
				LD_RUNPATH_SEARCH_PATHS = "$(inherited) @executable_path/Frameworks";
				LIBRARY_SEARCH_PATHS = (
					"$(inherited)",
					"\"${PODS_ROOT}/Google/Libraries\"",
					"$(inherited)",
					"\"${PODS_ROOT}/GoogleAnalytics/Libraries\"",
					"$(inherited)",
					"\"${PODS_ROOT}/GoogleInterchangeUtilities/Libraries\"",
					"$(inherited)",
					"\"${PODS_ROOT}/GoogleNetworkingUtilities/Libraries\"",
					"$(inherited)",
					"\"${PODS_ROOT}/GoogleSymbolUtilities/Libraries\"",
					"$(inherited)",
					"\"${PODS_ROOT}/GoogleUtilities/Libraries\"",
					"$(inherited)",
					"\"${PODS_ROOT}/Realm/core\"",
					"$(inherited)",
					"\"${PODS_ROOT}/Realm/core\"",
				);
				PRODUCT_BUNDLE_IDENTIFIER = com.yongyang.Done;
				PRODUCT_NAME = "$(TARGET_NAME)";
			};
			name = Release;
		};
		281838C71CC9B01800D5930E /* Debug */ = {
			isa = XCBuildConfiguration;
			baseConfigurationReference = 6F8E903195B1322E7ABAA5F2 /* Pods-Done! Widgets.debug.xcconfig */;
			buildSettings = {
				CODE_SIGN_ENTITLEMENTS = "Done! Widgets/Done! Widgets.entitlements";
				CODE_SIGN_IDENTITY = "iPhone Developer";
				FRAMEWORK_SEARCH_PATHS = (
					"$(inherited)",
					"$(PROJECT_DIR)/Done!",
					Widgets,
					"$(PROJECT_DIR)/Done!",
					Widgets,
				);
				GCC_NO_COMMON_BLOCKS = NO;
				INFOPLIST_FILE = "Done! Widgets/Info.plist";
				IPHONEOS_DEPLOYMENT_TARGET = 9.0;
				LD_RUNPATH_SEARCH_PATHS = "$(inherited) @executable_path/Frameworks @executable_path/../../Frameworks";
				PRODUCT_BUNDLE_IDENTIFIER = "com.yongyang.done.Done--Widgets";
				PRODUCT_NAME = "$(TARGET_NAME)";
				SKIP_INSTALL = YES;
			};
			name = Debug;
		};
		281838C81CC9B01800D5930E /* Release */ = {
			isa = XCBuildConfiguration;
			baseConfigurationReference = ED2A56365CB3A8EF3AD5D8FC /* Pods-Done! Widgets.release.xcconfig */;
			buildSettings = {
				CODE_SIGN_ENTITLEMENTS = "Done! Widgets/Done! Widgets.entitlements";
				CODE_SIGN_IDENTITY = "iPhone Developer";
				FRAMEWORK_SEARCH_PATHS = (
					"$(inherited)",
					"$(PROJECT_DIR)/Done!",
					Widgets,
					"$(PROJECT_DIR)/Done!",
					Widgets,
				);
				GCC_NO_COMMON_BLOCKS = NO;
				INFOPLIST_FILE = "Done! Widgets/Info.plist";
				IPHONEOS_DEPLOYMENT_TARGET = 9.0;
				LD_RUNPATH_SEARCH_PATHS = "$(inherited) @executable_path/Frameworks @executable_path/../../Frameworks";
				PRODUCT_BUNDLE_IDENTIFIER = "com.yongyang.done.Done--Widgets";
				PRODUCT_NAME = "$(TARGET_NAME)";
				SKIP_INSTALL = YES;
			};
			name = Release;
		};
/* End XCBuildConfiguration section */

/* Begin XCConfigurationList section */
		003C01741CCC4753003F7A0B /* Build configuration list for PBXNativeTarget "Done! Apple Watch Extension" */ = {
			isa = XCConfigurationList;
			buildConfigurations = (
				003C01721CCC4753003F7A0B /* Debug */,
				003C01731CCC4753003F7A0B /* Release */,
			);
			defaultConfigurationIsVisible = 0;
			defaultConfigurationName = Release;
		};
		003C01761CCC4753003F7A0B /* Build configuration list for PBXNativeTarget "Done! Apple Watch" */ = {
			isa = XCConfigurationList;
			buildConfigurations = (
				003C01701CCC4753003F7A0B /* Debug */,
				003C01711CCC4753003F7A0B /* Release */,
			);
			defaultConfigurationIsVisible = 0;
			defaultConfigurationName = Release;
		};
		006083431CC4007500A344F1 /* Build configuration list for PBXProject "Done!" */ = {
			isa = XCConfigurationList;
			buildConfigurations = (
				006083731CC4007500A344F1 /* Debug */,
				006083741CC4007500A344F1 /* Release */,
			);
			defaultConfigurationIsVisible = 0;
			defaultConfigurationName = Release;
		};
		006083751CC4007500A344F1 /* Build configuration list for PBXNativeTarget "Done!" */ = {
			isa = XCConfigurationList;
			buildConfigurations = (
				006083761CC4007500A344F1 /* Debug */,
				006083771CC4007500A344F1 /* Release */,
			);
			defaultConfigurationIsVisible = 0;
			defaultConfigurationName = Release;
		};
		281838C91CC9B01800D5930E /* Build configuration list for PBXNativeTarget "Done! Widgets" */ = {
			isa = XCConfigurationList;
			buildConfigurations = (
				281838C71CC9B01800D5930E /* Debug */,
				281838C81CC9B01800D5930E /* Release */,
			);
			defaultConfigurationIsVisible = 0;
			defaultConfigurationName = Release;
		};
/* End XCConfigurationList section */
	};
	rootObject = 006083401CC4007500A344F1 /* Project object */;
}
